// !$*UTF8*$!
{
	archiveVersion = 1;
	classes = {
	};
	objectVersion = 46;
	objects = {

/* Begin PBXBuildFile section */
		C41E78EA1B1B48B9009CB458 /* Prephirences.swift in Sources */ = {isa = PBXBuildFile; fileRef = C4B3ED2B1B17165C00D807DA /* Prephirences.swift */; };
		C42114E01AE7D84900A09DD9 /* PrephirencesiOS.h in Headers */ = {isa = PBXBuildFile; fileRef = C42114DF1AE7D84900A09DD9 /* PrephirencesiOS.h */; settings = {ATTRIBUTES = (Public, ); }; };
		C42114F41AE7D86D00A09DD9 /* PreferencesType.swift in Sources */ = {isa = PBXBuildFile; fileRef = C42114D01AE7D15D00A09DD9 /* PreferencesType.swift */; };
		C42114F51AE7D86F00A09DD9 /* DictionaryPreferences.swift in Sources */ = {isa = PBXBuildFile; fileRef = C42114D21AE7D1F200A09DD9 /* DictionaryPreferences.swift */; };
		C42114F61AE7D87400A09DD9 /* PatternPreferences.swift in Sources */ = {isa = PBXBuildFile; fileRef = C42114D41AE7D32800A09DD9 /* PatternPreferences.swift */; };
		C42114F71AE7D87600A09DD9 /* NSUserDefaults+Prephirences.swift in Sources */ = {isa = PBXBuildFile; fileRef = C42114CE1AE7D15000A09DD9 /* NSUserDefaults+Prephirences.swift */; };
		C42115031AE7D8E200A09DD9 /* PrephirencesMacOSX.h in Headers */ = {isa = PBXBuildFile; fileRef = C42115021AE7D8E200A09DD9 /* PrephirencesMacOSX.h */; settings = {ATTRIBUTES = (Public, ); }; };
		C42115171AE7D90E00A09DD9 /* PreferencesType.swift in Sources */ = {isa = PBXBuildFile; fileRef = C42114D01AE7D15D00A09DD9 /* PreferencesType.swift */; };
		C42115181AE7D91100A09DD9 /* DictionaryPreferences.swift in Sources */ = {isa = PBXBuildFile; fileRef = C42114D21AE7D1F200A09DD9 /* DictionaryPreferences.swift */; };
		C42115191AE7D91300A09DD9 /* PatternPreferences.swift in Sources */ = {isa = PBXBuildFile; fileRef = C42114D41AE7D32800A09DD9 /* PatternPreferences.swift */; };
		C421151A1AE7D91600A09DD9 /* NSUserDefaults+Prephirences.swift in Sources */ = {isa = PBXBuildFile; fileRef = C42114CE1AE7D15000A09DD9 /* NSUserDefaults+Prephirences.swift */; };
		C46B4C171AEE432000B95F6B /* NSUbiquitousKeyValueStore+Prephirences.swift in Sources */ = {isa = PBXBuildFile; fileRef = C47F32531AED289400195CDA /* NSUbiquitousKeyValueStore+Prephirences.swift */; };
		C46B4C181AEE432000B95F6B /* NSUbiquitousKeyValueStore+Prephirences.swift in Sources */ = {isa = PBXBuildFile; fileRef = C47F32531AED289400195CDA /* NSUbiquitousKeyValueStore+Prephirences.swift */; };
		C47F324D1AED144500195CDA /* ManagedObjectPreferences.swift in Sources */ = {isa = PBXBuildFile; fileRef = C47F324C1AED144500195CDA /* ManagedObjectPreferences.swift */; };
		C47F324E1AED144500195CDA /* ManagedObjectPreferences.swift in Sources */ = {isa = PBXBuildFile; fileRef = C47F324C1AED144500195CDA /* ManagedObjectPreferences.swift */; };
		C47F32511AED1E3B00195CDA /* NSUserDefaults+Adds.swift in Sources */ = {isa = PBXBuildFile; fileRef = C47F32501AED1E3B00195CDA /* NSUserDefaults+Adds.swift */; };
		C47F32521AED1E3B00195CDA /* NSUserDefaults+Adds.swift in Sources */ = {isa = PBXBuildFile; fileRef = C47F32501AED1E3B00195CDA /* NSUserDefaults+Adds.swift */; };
		C4A3F3151BA44DC700F40DB6 /* Test.plist in Resources */ = {isa = PBXBuildFile; fileRef = C4A3F3141BA44DC700F40DB6 /* Test.plist */; settings = {ASSET_TAGS = (); }; };
		C4B3ED2C1B17165C00D807DA /* Prephirences.swift in Sources */ = {isa = PBXBuildFile; fileRef = C4B3ED2B1B17165C00D807DA /* Prephirences.swift */; };
		C4B838421B284C15009D5B74 /* Preference.swift in Sources */ = {isa = PBXBuildFile; fileRef = C4B838411B284C15009D5B74 /* Preference.swift */; };
		C4B838431B287E38009D5B74 /* Preference.swift in Sources */ = {isa = PBXBuildFile; fileRef = C4B838411B284C15009D5B74 /* Preference.swift */; };
		C4BF518A1B259C3900C4FF98 /* KeychainPreferences.swift in Sources */ = {isa = PBXBuildFile; fileRef = C4BF51891B259C3900C4FF98 /* KeychainPreferences.swift */; };
		C4BF518B1B259C3900C4FF98 /* KeychainPreferences.swift in Sources */ = {isa = PBXBuildFile; fileRef = C4BF51891B259C3900C4FF98 /* KeychainPreferences.swift */; };
		C4EBB8441B15DE4D0075187B /* Plist.swift in Sources */ = {isa = PBXBuildFile; fileRef = C4EBB8431B15DE4D0075187B /* Plist.swift */; };
		C4EBB8451B15E1180075187B /* Plist.swift in Sources */ = {isa = PBXBuildFile; fileRef = C4EBB8431B15DE4D0075187B /* Plist.swift */; };
		C4F2A6861B147CCD0092017D /* PreferencesTabViewController.swift in Sources */ = {isa = PBXBuildFile; fileRef = C4F2A6851B147CCD0092017D /* PreferencesTabViewController.swift */; };
		C4FF650E1B6B7C7300BFE4F4 /* PrephirencesiOSTests.swift in Sources */ = {isa = PBXBuildFile; fileRef = C4FF650D1B6B7C7300BFE4F4 /* PrephirencesiOSTests.swift */; };
		C4FF65101B6B7C7300BFE4F4 /* PrephirencesiOS.framework in Frameworks */ = {isa = PBXBuildFile; fileRef = C42114DB1AE7D84900A09DD9 /* PrephirencesiOS.framework */; };
/* End PBXBuildFile section */

/* Begin PBXContainerItemProxy section */
		C4FF65111B6B7C7300BFE4F4 /* PBXContainerItemProxy */ = {
			isa = PBXContainerItemProxy;
			containerPortal = C42114A71AE7D0CB00A09DD9 /* Project object */;
			proxyType = 1;
			remoteGlobalIDString = C42114DA1AE7D84900A09DD9;
			remoteInfo = PrephirencesiOS;
		};
/* End PBXContainerItemProxy section */

/* Begin PBXFileReference section */
		C42114CE1AE7D15000A09DD9 /* NSUserDefaults+Prephirences.swift */ = {isa = PBXFileReference; fileEncoding = 4; lastKnownFileType = sourcecode.swift; path = "NSUserDefaults+Prephirences.swift"; sourceTree = "<group>"; };
		C42114D01AE7D15D00A09DD9 /* PreferencesType.swift */ = {isa = PBXFileReference; fileEncoding = 4; lastKnownFileType = sourcecode.swift; path = PreferencesType.swift; sourceTree = "<group>"; };
		C42114D21AE7D1F200A09DD9 /* DictionaryPreferences.swift */ = {isa = PBXFileReference; fileEncoding = 4; lastKnownFileType = sourcecode.swift; path = DictionaryPreferences.swift; sourceTree = "<group>"; };
		C42114D41AE7D32800A09DD9 /* PatternPreferences.swift */ = {isa = PBXFileReference; fileEncoding = 4; lastKnownFileType = sourcecode.swift; path = PatternPreferences.swift; sourceTree = "<group>"; };
		C42114DB1AE7D84900A09DD9 /* PrephirencesiOS.framework */ = {isa = PBXFileReference; explicitFileType = wrapper.framework; includeInIndex = 0; path = PrephirencesiOS.framework; sourceTree = BUILT_PRODUCTS_DIR; };
		C42114DE1AE7D84900A09DD9 /* Info.plist */ = {isa = PBXFileReference; lastKnownFileType = text.plist.xml; path = Info.plist; sourceTree = "<group>"; };
		C42114DF1AE7D84900A09DD9 /* PrephirencesiOS.h */ = {isa = PBXFileReference; lastKnownFileType = sourcecode.c.h; path = PrephirencesiOS.h; sourceTree = "<group>"; };
		C42114FE1AE7D8E200A09DD9 /* PrephirencesMacOSX.framework */ = {isa = PBXFileReference; explicitFileType = wrapper.framework; includeInIndex = 0; path = PrephirencesMacOSX.framework; sourceTree = BUILT_PRODUCTS_DIR; };
		C42115011AE7D8E200A09DD9 /* Info.plist */ = {isa = PBXFileReference; lastKnownFileType = text.plist.xml; path = Info.plist; sourceTree = "<group>"; };
		C42115021AE7D8E200A09DD9 /* PrephirencesMacOSX.h */ = {isa = PBXFileReference; lastKnownFileType = sourcecode.c.h; path = PrephirencesMacOSX.h; sourceTree = "<group>"; };
		C421151B1AE7D97900A09DD9 /* README.md */ = {isa = PBXFileReference; lastKnownFileType = net.daringfireball.markdown; path = README.md; sourceTree = "<group>"; };
		C45D31391AE929D40034D1E3 /* LICENSE */ = {isa = PBXFileReference; lastKnownFileType = text; path = LICENSE; sourceTree = "<group>"; };
		C45D313A1AE929DD0034D1E3 /* Prephirences.podspec */ = {isa = PBXFileReference; lastKnownFileType = text; path = Prephirences.podspec; sourceTree = "<group>"; };
		C45D313C1AE92A100034D1E3 /* logo-128x128.png */ = {isa = PBXFileReference; lastKnownFileType = image.png; path = "logo-128x128.png"; sourceTree = "<group>"; };
		C47F324C1AED144500195CDA /* ManagedObjectPreferences.swift */ = {isa = PBXFileReference; fileEncoding = 4; lastKnownFileType = sourcecode.swift; path = ManagedObjectPreferences.swift; sourceTree = "<group>"; };
		C47F32501AED1E3B00195CDA /* NSUserDefaults+Adds.swift */ = {isa = PBXFileReference; fileEncoding = 4; lastKnownFileType = sourcecode.swift; path = "NSUserDefaults+Adds.swift"; sourceTree = "<group>"; };
		C47F32531AED289400195CDA /* NSUbiquitousKeyValueStore+Prephirences.swift */ = {isa = PBXFileReference; fileEncoding = 4; lastKnownFileType = sourcecode.swift; path = "NSUbiquitousKeyValueStore+Prephirences.swift"; sourceTree = "<group>"; };
		C4969D821B2187AE000E8E71 /* .travis.yml */ = {isa = PBXFileReference; fileEncoding = 4; lastKnownFileType = text; path = .travis.yml; sourceTree = "<group>"; };
		C4A3F3141BA44DC700F40DB6 /* Test.plist */ = {isa = PBXFileReference; fileEncoding = 4; lastKnownFileType = text.plist.xml; path = Test.plist; sourceTree = "<group>"; };
		C4B3ED2B1B17165C00D807DA /* Prephirences.swift */ = {isa = PBXFileReference; fileEncoding = 4; lastKnownFileType = sourcecode.swift; path = Prephirences.swift; sourceTree = "<group>"; };
		C4B838411B284C15009D5B74 /* Preference.swift */ = {isa = PBXFileReference; fileEncoding = 4; lastKnownFileType = sourcecode.swift; path = Preference.swift; sourceTree = "<group>"; };
		C4BF51891B259C3900C4FF98 /* KeychainPreferences.swift */ = {isa = PBXFileReference; fileEncoding = 4; lastKnownFileType = sourcecode.swift; path = KeychainPreferences.swift; sourceTree = "<group>"; };
		C4EBB8431B15DE4D0075187B /* Plist.swift */ = {isa = PBXFileReference; fileEncoding = 4; lastKnownFileType = sourcecode.swift; path = Plist.swift; sourceTree = "<group>"; };
		C4F2A6851B147CCD0092017D /* PreferencesTabViewController.swift */ = {isa = PBXFileReference; fileEncoding = 4; lastKnownFileType = sourcecode.swift; path = PreferencesTabViewController.swift; sourceTree = "<group>"; };
		C4FF650B1B6B7C7300BFE4F4 /* PrephirencesiOSTests.xctest */ = {isa = PBXFileReference; explicitFileType = wrapper.cfbundle; includeInIndex = 0; path = PrephirencesiOSTests.xctest; sourceTree = BUILT_PRODUCTS_DIR; };
		C4FF650D1B6B7C7300BFE4F4 /* PrephirencesiOSTests.swift */ = {isa = PBXFileReference; lastKnownFileType = sourcecode.swift; path = PrephirencesiOSTests.swift; sourceTree = "<group>"; };
		C4FF650F1B6B7C7300BFE4F4 /* Info.plist */ = {isa = PBXFileReference; lastKnownFileType = text.plist.xml; path = Info.plist; sourceTree = "<group>"; };
/* End PBXFileReference section */

/* Begin PBXFrameworksBuildPhase section */
		C42114D71AE7D84900A09DD9 /* Frameworks */ = {
			isa = PBXFrameworksBuildPhase;
			buildActionMask = 2147483647;
			files = (
			);
			runOnlyForDeploymentPostprocessing = 0;
		};
		C42114FA1AE7D8E200A09DD9 /* Frameworks */ = {
			isa = PBXFrameworksBuildPhase;
			buildActionMask = 2147483647;
			files = (
			);
			runOnlyForDeploymentPostprocessing = 0;
		};
		C4FF65081B6B7C7300BFE4F4 /* Frameworks */ = {
			isa = PBXFrameworksBuildPhase;
			buildActionMask = 2147483647;
			files = (
				C4FF65101B6B7C7300BFE4F4 /* PrephirencesiOS.framework in Frameworks */,
			);
			runOnlyForDeploymentPostprocessing = 0;
		};
/* End PBXFrameworksBuildPhase section */

/* Begin PBXGroup section */
		C42114A61AE7D0CB00A09DD9 = {
			isa = PBXGroup;
			children = (
				C42114B21AE7D0CB00A09DD9 /* Prephirences */,
				C42114DC1AE7D84900A09DD9 /* PrephirencesiOS */,
				C42114FF1AE7D8E200A09DD9 /* PrephirencesMacOSX */,
				C45D313B1AE929F10034D1E3 /* Resources */,
				C4FF650C1B6B7C7300BFE4F4 /* PrephirencesiOSTests */,
				C42114B11AE7D0CB00A09DD9 /* Products */,
			);
			sourceTree = "<group>";
		};
		C42114B11AE7D0CB00A09DD9 /* Products */ = {
			isa = PBXGroup;
			children = (
				C42114DB1AE7D84900A09DD9 /* PrephirencesiOS.framework */,
				C42114FE1AE7D8E200A09DD9 /* PrephirencesMacOSX.framework */,
				C4FF650B1B6B7C7300BFE4F4 /* PrephirencesiOSTests.xctest */,
			);
			name = Products;
			sourceTree = "<group>";
		};
		C42114B21AE7D0CB00A09DD9 /* Prephirences */ = {
			isa = PBXGroup;
			children = (
				C42114D01AE7D15D00A09DD9 /* PreferencesType.swift */,
				C42114D21AE7D1F200A09DD9 /* DictionaryPreferences.swift */,
				C42114D41AE7D32800A09DD9 /* PatternPreferences.swift */,
				C4EBB8431B15DE4D0075187B /* Plist.swift */,
				C42114CE1AE7D15000A09DD9 /* NSUserDefaults+Prephirences.swift */,
				C47F32531AED289400195CDA /* NSUbiquitousKeyValueStore+Prephirences.swift */,
				C4BF51891B259C3900C4FF98 /* KeychainPreferences.swift */,
				C4B3ED2B1B17165C00D807DA /* Prephirences.swift */,
				C4B838411B284C15009D5B74 /* Preference.swift */,
				C47F324F1AED1DD900195CDA /* UserDefaults */,
				C47F324B1AED142100195CDA /* CoreData */,
			);
			path = Prephirences;
			sourceTree = "<group>";
		};
		C42114DC1AE7D84900A09DD9 /* PrephirencesiOS */ = {
			isa = PBXGroup;
			children = (
				C42114DF1AE7D84900A09DD9 /* PrephirencesiOS.h */,
				C42114DD1AE7D84900A09DD9 /* Supporting Files */,
			);
			path = PrephirencesiOS;
			sourceTree = "<group>";
		};
		C42114DD1AE7D84900A09DD9 /* Supporting Files */ = {
			isa = PBXGroup;
			children = (
				C42114DE1AE7D84900A09DD9 /* Info.plist */,
			);
			name = "Supporting Files";
			sourceTree = "<group>";
		};
		C42114FF1AE7D8E200A09DD9 /* PrephirencesMacOSX */ = {
			isa = PBXGroup;
			children = (
				C4F2A6851B147CCD0092017D /* PreferencesTabViewController.swift */,
				C42115021AE7D8E200A09DD9 /* PrephirencesMacOSX.h */,
				C42115001AE7D8E200A09DD9 /* Supporting Files */,
			);
			path = PrephirencesMacOSX;
			sourceTree = "<group>";
		};
		C42115001AE7D8E200A09DD9 /* Supporting Files */ = {
			isa = PBXGroup;
			children = (
				C42115011AE7D8E200A09DD9 /* Info.plist */,
			);
			name = "Supporting Files";
			sourceTree = "<group>";
		};
		C45D313B1AE929F10034D1E3 /* Resources */ = {
			isa = PBXGroup;
			children = (
				C4969D821B2187AE000E8E71 /* .travis.yml */,
				C421151B1AE7D97900A09DD9 /* README.md */,
				C45D31391AE929D40034D1E3 /* LICENSE */,
				C45D313A1AE929DD0034D1E3 /* Prephirences.podspec */,
				C45D313C1AE92A100034D1E3 /* logo-128x128.png */,
			);
			name = Resources;
			sourceTree = "<group>";
		};
		C47F324B1AED142100195CDA /* CoreData */ = {
			isa = PBXGroup;
			children = (
				C47F324C1AED144500195CDA /* ManagedObjectPreferences.swift */,
			);
			path = CoreData;
			sourceTree = "<group>";
		};
		C47F324F1AED1DD900195CDA /* UserDefaults */ = {
			isa = PBXGroup;
			children = (
				C47F32501AED1E3B00195CDA /* NSUserDefaults+Adds.swift */,
			);
			path = UserDefaults;
			sourceTree = "<group>";
		};
		C4FF650C1B6B7C7300BFE4F4 /* PrephirencesiOSTests */ = {
			isa = PBXGroup;
			children = (
				C4FF650D1B6B7C7300BFE4F4 /* PrephirencesiOSTests.swift */,
				C4FF650F1B6B7C7300BFE4F4 /* Info.plist */,
				C4A3F3141BA44DC700F40DB6 /* Test.plist */,
			);
			path = PrephirencesiOSTests;
			sourceTree = "<group>";
		};
/* End PBXGroup section */

/* Begin PBXHeadersBuildPhase section */
		C42114D81AE7D84900A09DD9 /* Headers */ = {
			isa = PBXHeadersBuildPhase;
			buildActionMask = 2147483647;
			files = (
				C42114E01AE7D84900A09DD9 /* PrephirencesiOS.h in Headers */,
			);
			runOnlyForDeploymentPostprocessing = 0;
		};
		C42114FB1AE7D8E200A09DD9 /* Headers */ = {
			isa = PBXHeadersBuildPhase;
			buildActionMask = 2147483647;
			files = (
				C42115031AE7D8E200A09DD9 /* PrephirencesMacOSX.h in Headers */,
			);
			runOnlyForDeploymentPostprocessing = 0;
		};
/* End PBXHeadersBuildPhase section */

/* Begin PBXNativeTarget section */
		C42114DA1AE7D84900A09DD9 /* PrephirencesiOS */ = {
			isa = PBXNativeTarget;
			buildConfigurationList = C42114EE1AE7D84A00A09DD9 /* Build configuration list for PBXNativeTarget "PrephirencesiOS" */;
			buildPhases = (
				C42114D61AE7D84900A09DD9 /* Sources */,
				C42114D71AE7D84900A09DD9 /* Frameworks */,
				C42114D81AE7D84900A09DD9 /* Headers */,
				C42114D91AE7D84900A09DD9 /* Resources */,
			);
			buildRules = (
			);
			dependencies = (
			);
			name = PrephirencesiOS;
			productName = PrephirenceiOS;
			productReference = C42114DB1AE7D84900A09DD9 /* PrephirencesiOS.framework */;
			productType = "com.apple.product-type.framework";
		};
		C42114FD1AE7D8E200A09DD9 /* PrephirencesMacOSX */ = {
			isa = PBXNativeTarget;
			buildConfigurationList = C42115111AE7D8E200A09DD9 /* Build configuration list for PBXNativeTarget "PrephirencesMacOSX" */;
			buildPhases = (
				C42114F91AE7D8E200A09DD9 /* Sources */,
				C42114FA1AE7D8E200A09DD9 /* Frameworks */,
				C42114FB1AE7D8E200A09DD9 /* Headers */,
				C42114FC1AE7D8E200A09DD9 /* Resources */,
			);
			buildRules = (
			);
			dependencies = (
			);
			name = PrephirencesMacOSX;
			productName = PrephirenceMacOSX;
			productReference = C42114FE1AE7D8E200A09DD9 /* PrephirencesMacOSX.framework */;
			productType = "com.apple.product-type.framework";
		};
		C4FF650A1B6B7C7300BFE4F4 /* PrephirencesiOSTests */ = {
			isa = PBXNativeTarget;
			buildConfigurationList = C4FF65131B6B7C7300BFE4F4 /* Build configuration list for PBXNativeTarget "PrephirencesiOSTests" */;
			buildPhases = (
				C4FF65071B6B7C7300BFE4F4 /* Sources */,
				C4FF65081B6B7C7300BFE4F4 /* Frameworks */,
				C4FF65091B6B7C7300BFE4F4 /* Resources */,
			);
			buildRules = (
			);
			dependencies = (
				C4FF65121B6B7C7300BFE4F4 /* PBXTargetDependency */,
			);
			name = PrephirencesiOSTests;
			productName = PrephirencesiOSTests;
			productReference = C4FF650B1B6B7C7300BFE4F4 /* PrephirencesiOSTests.xctest */;
			productType = "com.apple.product-type.bundle.unit-test";
		};
/* End PBXNativeTarget section */

/* Begin PBXProject section */
		C42114A71AE7D0CB00A09DD9 /* Project object */ = {
			isa = PBXProject;
			attributes = {
				LastSwiftMigration = 0700;
				LastSwiftUpdateCheck = 0700;
				LastUpgradeCheck = 0700;
				ORGANIZATIONNAME = phimage;
				TargetAttributes = {
					C42114DA1AE7D84900A09DD9 = {
						CreatedOnToolsVersion = 6.3;
					};
					C42114FD1AE7D8E200A09DD9 = {
						CreatedOnToolsVersion = 6.3;
					};
					C4FF650A1B6B7C7300BFE4F4 = {
						CreatedOnToolsVersion = 7.0;
					};
				};
			};
			buildConfigurationList = C42114AA1AE7D0CB00A09DD9 /* Build configuration list for PBXProject "Prephirences" */;
			compatibilityVersion = "Xcode 3.2";
			developmentRegion = English;
			hasScannedForEncodings = 0;
			knownRegions = (
				en,
			);
			mainGroup = C42114A61AE7D0CB00A09DD9;
			productRefGroup = C42114B11AE7D0CB00A09DD9 /* Products */;
			projectDirPath = "";
			projectRoot = "";
			targets = (
				C42114DA1AE7D84900A09DD9 /* PrephirencesiOS */,
				C42114FD1AE7D8E200A09DD9 /* PrephirencesMacOSX */,
				C4FF650A1B6B7C7300BFE4F4 /* PrephirencesiOSTests */,
			);
		};
/* End PBXProject section */

/* Begin PBXResourcesBuildPhase section */
		C42114D91AE7D84900A09DD9 /* Resources */ = {
			isa = PBXResourcesBuildPhase;
			buildActionMask = 2147483647;
			files = (
			);
			runOnlyForDeploymentPostprocessing = 0;
		};
		C42114FC1AE7D8E200A09DD9 /* Resources */ = {
			isa = PBXResourcesBuildPhase;
			buildActionMask = 2147483647;
			files = (
			);
			runOnlyForDeploymentPostprocessing = 0;
		};
		C4FF65091B6B7C7300BFE4F4 /* Resources */ = {
			isa = PBXResourcesBuildPhase;
			buildActionMask = 2147483647;
			files = (
				C4A3F3151BA44DC700F40DB6 /* Test.plist in Resources */,
			);
			runOnlyForDeploymentPostprocessing = 0;
		};
/* End PBXResourcesBuildPhase section */

/* Begin PBXSourcesBuildPhase section */
		C42114D61AE7D84900A09DD9 /* Sources */ = {
			isa = PBXSourcesBuildPhase;
			buildActionMask = 2147483647;
			files = (
				C42114F61AE7D87400A09DD9 /* PatternPreferences.swift in Sources */,
				C42114F51AE7D86F00A09DD9 /* DictionaryPreferences.swift in Sources */,
				C4EBB8441B15DE4D0075187B /* Plist.swift in Sources */,
				C42114F71AE7D87600A09DD9 /* NSUserDefaults+Prephirences.swift in Sources */,
				C4BF518A1B259C3900C4FF98 /* KeychainPreferences.swift in Sources */,
				C4B838421B284C15009D5B74 /* Preference.swift in Sources */,
				C42114F41AE7D86D00A09DD9 /* PreferencesType.swift in Sources */,
				C47F324D1AED144500195CDA /* ManagedObjectPreferences.swift in Sources */,
				C4B3ED2C1B17165C00D807DA /* Prephirences.swift in Sources */,
				C47F32511AED1E3B00195CDA /* NSUserDefaults+Adds.swift in Sources */,
				C46B4C171AEE432000B95F6B /* NSUbiquitousKeyValueStore+Prephirences.swift in Sources */,
			);
			runOnlyForDeploymentPostprocessing = 0;
		};
		C42114F91AE7D8E200A09DD9 /* Sources */ = {
			isa = PBXSourcesBuildPhase;
			buildActionMask = 2147483647;
			files = (
				C42115191AE7D91300A09DD9 /* PatternPreferences.swift in Sources */,
				C42115181AE7D91100A09DD9 /* DictionaryPreferences.swift in Sources */,
				C421151A1AE7D91600A09DD9 /* NSUserDefaults+Prephirences.swift in Sources */,
				C4EBB8451B15E1180075187B /* Plist.swift in Sources */,
				C4F2A6861B147CCD0092017D /* PreferencesTabViewController.swift in Sources */,
				C42115171AE7D90E00A09DD9 /* PreferencesType.swift in Sources */,
				C47F324E1AED144500195CDA /* ManagedObjectPreferences.swift in Sources */,
				C4BF518B1B259C3900C4FF98 /* KeychainPreferences.swift in Sources */,
				C41E78EA1B1B48B9009CB458 /* Prephirences.swift in Sources */,
				C47F32521AED1E3B00195CDA /* NSUserDefaults+Adds.swift in Sources */,
				C4B838431B287E38009D5B74 /* Preference.swift in Sources */,
				C46B4C181AEE432000B95F6B /* NSUbiquitousKeyValueStore+Prephirences.swift in Sources */,
			);
			runOnlyForDeploymentPostprocessing = 0;
		};
		C4FF65071B6B7C7300BFE4F4 /* Sources */ = {
			isa = PBXSourcesBuildPhase;
			buildActionMask = 2147483647;
			files = (
				C4FF650E1B6B7C7300BFE4F4 /* PrephirencesiOSTests.swift in Sources */,
			);
			runOnlyForDeploymentPostprocessing = 0;
		};
/* End PBXSourcesBuildPhase section */

/* Begin PBXTargetDependency section */
		C4FF65121B6B7C7300BFE4F4 /* PBXTargetDependency */ = {
			isa = PBXTargetDependency;
			target = C42114DA1AE7D84900A09DD9 /* PrephirencesiOS */;
			targetProxy = C4FF65111B6B7C7300BFE4F4 /* PBXContainerItemProxy */;
		};
/* End PBXTargetDependency section */

/* Begin XCBuildConfiguration section */
		C42114C41AE7D0CB00A09DD9 /* Debug */ = {
			isa = XCBuildConfiguration;
			buildSettings = {
				ALWAYS_SEARCH_USER_PATHS = NO;
				CLANG_CXX_LANGUAGE_STANDARD = "gnu++0x";
				CLANG_CXX_LIBRARY = "libc++";
				CLANG_ENABLE_MODULES = YES;
				CLANG_ENABLE_OBJC_ARC = YES;
				CLANG_WARN_BOOL_CONVERSION = YES;
				CLANG_WARN_CONSTANT_CONVERSION = YES;
				CLANG_WARN_DIRECT_OBJC_ISA_USAGE = YES_ERROR;
				CLANG_WARN_EMPTY_BODY = YES;
				CLANG_WARN_ENUM_CONVERSION = YES;
				CLANG_WARN_INT_CONVERSION = YES;
				CLANG_WARN_OBJC_ROOT_CLASS = YES_ERROR;
				CLANG_WARN_UNREACHABLE_CODE = YES;
				CLANG_WARN__DUPLICATE_METHOD_MATCH = YES;
				COPY_PHASE_STRIP = NO;
				CURRENT_PROJECT_VERSION = 1;
				DEBUG_INFORMATION_FORMAT = dwarf;
				ENABLE_STRICT_OBJC_MSGSEND = YES;
				ENABLE_TESTABILITY = YES;
				GCC_C_LANGUAGE_STANDARD = gnu99;
				GCC_DYNAMIC_NO_PIC = NO;
				GCC_NO_COMMON_BLOCKS = YES;
				GCC_OPTIMIZATION_LEVEL = 0;
				GCC_PREPROCESSOR_DEFINITIONS = (
					"DEBUG=1",
					"$(inherited)",
				);
				GCC_SYMBOLS_PRIVATE_EXTERN = NO;
				GCC_WARN_64_TO_32_BIT_CONVERSION = YES;
				GCC_WARN_ABOUT_RETURN_TYPE = YES_ERROR;
				GCC_WARN_UNDECLARED_SELECTOR = YES;
				GCC_WARN_UNINITIALIZED_AUTOS = YES_AGGRESSIVE;
				GCC_WARN_UNUSED_FUNCTION = YES;
				GCC_WARN_UNUSED_VARIABLE = YES;
				MACOSX_DEPLOYMENT_TARGET = 10.10;
				MTL_ENABLE_DEBUG_INFO = YES;
				ONLY_ACTIVE_ARCH = YES;
				SDKROOT = macosx;
				SWIFT_OPTIMIZATION_LEVEL = "-Onone";
				VERSIONING_SYSTEM = "apple-generic";
				VERSION_INFO_PREFIX = "";
			};
			name = Debug;
		};
		C42114C51AE7D0CB00A09DD9 /* Release */ = {
			isa = XCBuildConfiguration;
			buildSettings = {
				ALWAYS_SEARCH_USER_PATHS = NO;
				CLANG_CXX_LANGUAGE_STANDARD = "gnu++0x";
				CLANG_CXX_LIBRARY = "libc++";
				CLANG_ENABLE_MODULES = YES;
				CLANG_ENABLE_OBJC_ARC = YES;
				CLANG_WARN_BOOL_CONVERSION = YES;
				CLANG_WARN_CONSTANT_CONVERSION = YES;
				CLANG_WARN_DIRECT_OBJC_ISA_USAGE = YES_ERROR;
				CLANG_WARN_EMPTY_BODY = YES;
				CLANG_WARN_ENUM_CONVERSION = YES;
				CLANG_WARN_INT_CONVERSION = YES;
				CLANG_WARN_OBJC_ROOT_CLASS = YES_ERROR;
				CLANG_WARN_UNREACHABLE_CODE = YES;
				CLANG_WARN__DUPLICATE_METHOD_MATCH = YES;
				COPY_PHASE_STRIP = NO;
				CURRENT_PROJECT_VERSION = 1;
				DEBUG_INFORMATION_FORMAT = "dwarf-with-dsym";
				ENABLE_NS_ASSERTIONS = NO;
				ENABLE_STRICT_OBJC_MSGSEND = YES;
				GCC_C_LANGUAGE_STANDARD = gnu99;
				GCC_NO_COMMON_BLOCKS = YES;
				GCC_WARN_64_TO_32_BIT_CONVERSION = YES;
				GCC_WARN_ABOUT_RETURN_TYPE = YES_ERROR;
				GCC_WARN_UNDECLARED_SELECTOR = YES;
				GCC_WARN_UNINITIALIZED_AUTOS = YES_AGGRESSIVE;
				GCC_WARN_UNUSED_FUNCTION = YES;
				GCC_WARN_UNUSED_VARIABLE = YES;
				MACOSX_DEPLOYMENT_TARGET = 10.10;
				MTL_ENABLE_DEBUG_INFO = NO;
				SDKROOT = macosx;
				VERSIONING_SYSTEM = "apple-generic";
				VERSION_INFO_PREFIX = "";
			};
			name = Release;
		};
		C42114EF1AE7D84A00A09DD9 /* Debug */ = {
			isa = XCBuildConfiguration;
			buildSettings = {
				CODE_SIGN_IDENTITY = "";
				"CODE_SIGN_IDENTITY[sdk=iphoneos*]" = "iPhone Developer";
				DEBUG_INFORMATION_FORMAT = "dwarf-with-dsym";
				DEFINES_MODULE = YES;
				DYLIB_COMPATIBILITY_VERSION = 1;
				DYLIB_CURRENT_VERSION = 1;
				DYLIB_INSTALL_NAME_BASE = "@rpath";
				GCC_PREPROCESSOR_DEFINITIONS = (
					"DEBUG=1",
					"$(inherited)",
				);
				INFOPLIST_FILE = PrephirencesiOS/Info.plist;
				INSTALL_PATH = "$(LOCAL_LIBRARY_DIR)/Frameworks";
				IPHONEOS_DEPLOYMENT_TARGET = 8.3;
				LD_RUNPATH_SEARCH_PATHS = "$(inherited) @executable_path/Frameworks @loader_path/Frameworks";
				PRODUCT_BUNDLE_IDENTIFIER = "tv.phimage.$(PRODUCT_NAME:rfc1034identifier)";
				PRODUCT_NAME = "$(TARGET_NAME)";
				SDKROOT = iphoneos;
				SKIP_INSTALL = YES;
				TARGETED_DEVICE_FAMILY = "1,2";
			};
			name = Debug;
		};
		C42114F01AE7D84A00A09DD9 /* Release */ = {
			isa = XCBuildConfiguration;
			buildSettings = {
				CODE_SIGN_IDENTITY = "";
				"CODE_SIGN_IDENTITY[sdk=iphoneos*]" = "iPhone Developer";
				DEFINES_MODULE = YES;
				DYLIB_COMPATIBILITY_VERSION = 1;
				DYLIB_CURRENT_VERSION = 1;
				DYLIB_INSTALL_NAME_BASE = "@rpath";
				INFOPLIST_FILE = PrephirencesiOS/Info.plist;
				INSTALL_PATH = "$(LOCAL_LIBRARY_DIR)/Frameworks";
				IPHONEOS_DEPLOYMENT_TARGET = 8.3;
				LD_RUNPATH_SEARCH_PATHS = "$(inherited) @executable_path/Frameworks @loader_path/Frameworks";
				PRODUCT_BUNDLE_IDENTIFIER = "tv.phimage.$(PRODUCT_NAME:rfc1034identifier)";
				PRODUCT_NAME = "$(TARGET_NAME)";
				SDKROOT = iphoneos;
				SKIP_INSTALL = YES;
				TARGETED_DEVICE_FAMILY = "1,2";
				VALIDATE_PRODUCT = YES;
			};
			name = Release;
		};
		C42115121AE7D8E200A09DD9 /* Debug */ = {
			isa = XCBuildConfiguration;
			buildSettings = {
				COMBINE_HIDPI_IMAGES = YES;
				DEFINES_MODULE = YES;
				DYLIB_COMPATIBILITY_VERSION = 1;
				DYLIB_CURRENT_VERSION = 1;
				DYLIB_INSTALL_NAME_BASE = "@rpath";
				FRAMEWORK_VERSION = A;
				GCC_PREPROCESSOR_DEFINITIONS = (
					"DEBUG=1",
					"$(inherited)",
				);
				INFOPLIST_FILE = PrephirencesMacOSX/Info.plist;
				INSTALL_PATH = "$(LOCAL_LIBRARY_DIR)/Frameworks";
				LD_RUNPATH_SEARCH_PATHS = "$(inherited) @executable_path/../Frameworks @loader_path/Frameworks";
				PRODUCT_BUNDLE_IDENTIFIER = "tv.phimage.$(PRODUCT_NAME:rfc1034identifier)";
				PRODUCT_NAME = "$(TARGET_NAME)";
				SKIP_INSTALL = YES;
			};
			name = Debug;
		};
		C42115131AE7D8E200A09DD9 /* Release */ = {
			isa = XCBuildConfiguration;
			buildSettings = {
				COMBINE_HIDPI_IMAGES = YES;
				DEFINES_MODULE = YES;
				DYLIB_COMPATIBILITY_VERSION = 1;
				DYLIB_CURRENT_VERSION = 1;
				DYLIB_INSTALL_NAME_BASE = "@rpath";
				FRAMEWORK_VERSION = A;
				INFOPLIST_FILE = PrephirencesMacOSX/Info.plist;
				INSTALL_PATH = "$(LOCAL_LIBRARY_DIR)/Frameworks";
				LD_RUNPATH_SEARCH_PATHS = "$(inherited) @executable_path/../Frameworks @loader_path/Frameworks";
				PRODUCT_BUNDLE_IDENTIFIER = "tv.phimage.$(PRODUCT_NAME:rfc1034identifier)";
				PRODUCT_NAME = "$(TARGET_NAME)";
				SKIP_INSTALL = YES;
			};
			name = Release;
		};
		C4FF65141B6B7C7300BFE4F4 /* Debug */ = {
			isa = XCBuildConfiguration;
			buildSettings = {
				ENABLE_TESTABILITY = YES;
				INFOPLIST_FILE = PrephirencesiOSTests/Info.plist;
				IPHONEOS_DEPLOYMENT_TARGET = 9.0;
				LD_RUNPATH_SEARCH_PATHS = "$(inherited) @executable_path/Frameworks @loader_path/Frameworks";
				PRODUCT_BUNDLE_IDENTIFIER = tv.phimage.PrephirencesiOSTests;
				PRODUCT_NAME = "$(TARGET_NAME)";
				SDKROOT = iphoneos;
			};
			name = Debug;
		};
		C4FF65151B6B7C7300BFE4F4 /* Release */ = {
			isa = XCBuildConfiguration;
			buildSettings = {
				INFOPLIST_FILE = PrephirencesiOSTests/Info.plist;
				IPHONEOS_DEPLOYMENT_TARGET = 9.0;
				LD_RUNPATH_SEARCH_PATHS = "$(inherited) @executable_path/Frameworks @loader_path/Frameworks";
				PRODUCT_BUNDLE_IDENTIFIER = tv.phimage.PrephirencesiOSTests;
				PRODUCT_NAME = "$(TARGET_NAME)";
				SDKROOT = iphoneos;
				VALIDATE_PRODUCT = YES;
			};
			name = Release;
		};
/* End XCBuildConfiguration section */

/* Begin XCConfigurationList section */
		C42114AA1AE7D0CB00A09DD9 /* Build configuration list for PBXProject "Prephirences" */ = {
			isa = XCConfigurationList;
			buildConfigurations = (
				C42114C41AE7D0CB00A09DD9 /* Debug */,
				C42114C51AE7D0CB00A09DD9 /* Release */,
			);
			defaultConfigurationIsVisible = 0;
			defaultConfigurationName = Release;
		};
		C42114EE1AE7D84A00A09DD9 /* Build configuration list for PBXNativeTarget "PrephirencesiOS" */ = {
			isa = XCConfigurationList;
			buildConfigurations = (
				C42114EF1AE7D84A00A09DD9 /* Debug */,
				C42114F01AE7D84A00A09DD9 /* Release */,
			);
			defaultConfigurationIsVisible = 0;
			defaultConfigurationName = Release;
		};
		C42115111AE7D8E200A09DD9 /* Build configuration list for PBXNativeTarget "PrephirencesMacOSX" */ = {
			isa = XCConfigurationList;
			buildConfigurations = (
				C42115121AE7D8E200A09DD9 /* Debug */,
				C42115131AE7D8E200A09DD9 /* Release */,
			);
			defaultConfigurationIsVisible = 0;
			defaultConfigurationName = Release;
		};
		C4FF65131B6B7C7300BFE4F4 /* Build configuration list for PBXNativeTarget "PrephirencesiOSTests" */ = {
			isa = XCConfigurationList;
			buildConfigurations = (
				C4FF65141B6B7C7300BFE4F4 /* Debug */,
				C4FF65151B6B7C7300BFE4F4 /* Release */,
			);
			defaultConfigurationIsVisible = 0;
			defaultConfigurationName = Release;
		};
/* End XCConfigurationList section */
	};
	rootObject = C42114A71AE7D0CB00A09DD9 /* Project object */;
}
