// !$*UTF8*$!
{
	archiveVersion = 1;
	classes = {
	};
	objectVersion = 46;
	objects = {

/* Begin PBXBuildFile section */
		07FC41611BE66517005F195C /* PrephirencesWatchos.h in Headers */ = {isa = PBXBuildFile; fileRef = 07FC41601BE66517005F195C /* PrephirencesWatchos.h */; settings = {ATTRIBUTES = (Public, ); }; };
		07FC41661BE6656C005F195C /* PreferencesType.swift in Sources */ = {isa = PBXBuildFile; fileRef = C42114D01AE7D15D00A09DD9 /* PreferencesType.swift */; };
		07FC41671BE6656C005F195C /* DictionaryPreferences.swift in Sources */ = {isa = PBXBuildFile; fileRef = C42114D21AE7D1F200A09DD9 /* DictionaryPreferences.swift */; };
		07FC41681BE6656C005F195C /* PatternPreferences.swift in Sources */ = {isa = PBXBuildFile; fileRef = C42114D41AE7D32800A09DD9 /* PatternPreferences.swift */; };
		07FC41691BE6656C005F195C /* Plist.swift in Sources */ = {isa = PBXBuildFile; fileRef = C4EBB8431B15DE4D0075187B /* Plist.swift */; };
		07FC416A1BE6656C005F195C /* UserDefaults+Prephirences.swift in Sources */ = {isa = PBXBuildFile; fileRef = C42114CE1AE7D15000A09DD9 /* UserDefaults+Prephirences.swift */; };
		07FC416B1BE6656C005F195C /* NSUbiquitousKeyValueStore+Prephirences.swift in Sources */ = {isa = PBXBuildFile; fileRef = C47F32531AED289400195CDA /* NSUbiquitousKeyValueStore+Prephirences.swift */; };
		07FC416C1BE6656C005F195C /* KeychainPreferences.swift in Sources */ = {isa = PBXBuildFile; fileRef = C4BF51891B259C3900C4FF98 /* KeychainPreferences.swift */; };
		07FC416D1BE6656C005F195C /* Prephirences.swift in Sources */ = {isa = PBXBuildFile; fileRef = C4B3ED2B1B17165C00D807DA /* Prephirences.swift */; };
		07FC416E1BE6656C005F195C /* Preference.swift in Sources */ = {isa = PBXBuildFile; fileRef = C4B838411B284C15009D5B74 /* Preference.swift */; };
		07FC416F1BE6656C005F195C /* UserDefaults+Adds.swift in Sources */ = {isa = PBXBuildFile; fileRef = C47F32501AED1E3B00195CDA /* UserDefaults+Adds.swift */; };
		07FC41701BE6656C005F195C /* ManagedObjectPreferences.swift in Sources */ = {isa = PBXBuildFile; fileRef = C47F324C1AED144500195CDA /* ManagedObjectPreferences.swift */; };
		07FC41721BE66A30005F195C /* PreferencesOperators.swift in Sources */ = {isa = PBXBuildFile; fileRef = 07FC41711BE66A30005F195C /* PreferencesOperators.swift */; };
		07FC41731BE66A30005F195C /* PreferencesOperators.swift in Sources */ = {isa = PBXBuildFile; fileRef = 07FC41711BE66A30005F195C /* PreferencesOperators.swift */; };
		07FC41741BE66A30005F195C /* PreferencesOperators.swift in Sources */ = {isa = PBXBuildFile; fileRef = 07FC41711BE66A30005F195C /* PreferencesOperators.swift */; };
		07FC417D1BE670BF005F195C /* PrephirencesTvOS.h in Headers */ = {isa = PBXBuildFile; fileRef = 07FC417C1BE670BF005F195C /* PrephirencesTvOS.h */; settings = {ATTRIBUTES = (Public, ); }; };
		483C2FD022413D7C007380E2 /* Prephirencable.swift in Sources */ = {isa = PBXBuildFile; fileRef = 483C2FCF22413D7C007380E2 /* Prephirencable.swift */; };
		483C2FD122413E95007380E2 /* Prephirencable.swift in Sources */ = {isa = PBXBuildFile; fileRef = 483C2FCF22413D7C007380E2 /* Prephirencable.swift */; };
		483C2FD222413E96007380E2 /* Prephirencable.swift in Sources */ = {isa = PBXBuildFile; fileRef = 483C2FCF22413D7C007380E2 /* Prephirencable.swift */; };
		483C2FD322413E96007380E2 /* Prephirencable.swift in Sources */ = {isa = PBXBuildFile; fileRef = 483C2FCF22413D7C007380E2 /* Prephirencable.swift */; };
		489EC52620B8376E00F54424 /* PrephirenceType+Codable.swift in Sources */ = {isa = PBXBuildFile; fileRef = 489EC52520B8376E00F54424 /* PrephirenceType+Codable.swift */; };
		C404AE171D81B2D200E5321E /* PreferencesType.swift in Sources */ = {isa = PBXBuildFile; fileRef = C42114D01AE7D15D00A09DD9 /* PreferencesType.swift */; };
		C404AE191D81B43100E5321E /* PreferenceTransformation.swift in Sources */ = {isa = PBXBuildFile; fileRef = C404AE181D81B43100E5321E /* PreferenceTransformation.swift */; };
		C404AE1A1D81B43100E5321E /* PreferenceTransformation.swift in Sources */ = {isa = PBXBuildFile; fileRef = C404AE181D81B43100E5321E /* PreferenceTransformation.swift */; };
		C404AE1B1D81B43100E5321E /* PreferenceTransformation.swift in Sources */ = {isa = PBXBuildFile; fileRef = C404AE181D81B43100E5321E /* PreferenceTransformation.swift */; };
		C404AE1D1D81B4DF00E5321E /* Prephirences.swift in Sources */ = {isa = PBXBuildFile; fileRef = C4B3ED2B1B17165C00D807DA /* Prephirences.swift */; };
		C404AE1F1D81B5C300E5321E /* PreferencesOperators.swift in Sources */ = {isa = PBXBuildFile; fileRef = 07FC41711BE66A30005F195C /* PreferencesOperators.swift */; };
		C413F2B21BEB6753002816BE /* PreferencesController.swift in Sources */ = {isa = PBXBuildFile; fileRef = C413F2B01BEB6753002816BE /* PreferencesController.swift */; };
		C413F2B51BEB7CF6002816BE /* PreferencesController.swift in Sources */ = {isa = PBXBuildFile; fileRef = C413F2B01BEB6753002816BE /* PreferencesController.swift */; };
		C413F2B71BEB7CF6002816BE /* PreferencesController.swift in Sources */ = {isa = PBXBuildFile; fileRef = C413F2B01BEB6753002816BE /* PreferencesController.swift */; };
		C416C7EF1D81B6370006DD89 /* Preference.swift in Sources */ = {isa = PBXBuildFile; fileRef = C4B838411B284C15009D5B74 /* Preference.swift */; };
		C416C7F01D81B7110006DD89 /* PreferenceTransformation.swift in Sources */ = {isa = PBXBuildFile; fileRef = C404AE181D81B43100E5321E /* PreferenceTransformation.swift */; };
		C416C7FA1D81B9210006DD89 /* DictionaryPreferences.swift in Sources */ = {isa = PBXBuildFile; fileRef = C42114D21AE7D1F200A09DD9 /* DictionaryPreferences.swift */; };
		C416C7FB1D81B9210006DD89 /* PatternPreferences.swift in Sources */ = {isa = PBXBuildFile; fileRef = C42114D41AE7D32800A09DD9 /* PatternPreferences.swift */; };
		C416C7FC1D81B9210006DD89 /* Plist.swift in Sources */ = {isa = PBXBuildFile; fileRef = C4EBB8431B15DE4D0075187B /* Plist.swift */; };
		C416C7FD1D81B9210006DD89 /* UserDefaults+Prephirences.swift in Sources */ = {isa = PBXBuildFile; fileRef = C42114CE1AE7D15000A09DD9 /* UserDefaults+Prephirences.swift */; };
		C416C7FE1D81B9210006DD89 /* NSUbiquitousKeyValueStore+Prephirences.swift in Sources */ = {isa = PBXBuildFile; fileRef = C47F32531AED289400195CDA /* NSUbiquitousKeyValueStore+Prephirences.swift */; };
		C416C7FF1D81B9210006DD89 /* NSHTTPCookieStorage+Prephirences.swift in Sources */ = {isa = PBXBuildFile; fileRef = C44CBDC21C21B32D00902E5C /* NSHTTPCookieStorage+Prephirences.swift */; };
		C416C8001D81B9210006DD89 /* KeychainPreferences.swift in Sources */ = {isa = PBXBuildFile; fileRef = C4BF51891B259C3900C4FF98 /* KeychainPreferences.swift */; };
		C416C8011D81B9210006DD89 /* ReflectingPreferences.swift in Sources */ = {isa = PBXBuildFile; fileRef = C477D9D71C03237F00486C13 /* ReflectingPreferences.swift */; };
		C416C8021D81B9210006DD89 /* Bundle.swift in Sources */ = {isa = PBXBuildFile; fileRef = C4FA9B1C1C0F1730009CF439 /* Bundle.swift */; };
		C416C8031D81B9210006DD89 /* NSCoder+Prephirences.swift in Sources */ = {isa = PBXBuildFile; fileRef = C45D981E1C3AC12D007C8ECC /* NSCoder+Prephirences.swift */; };
		C416C8041D81B9290006DD89 /* PreferencesController.swift in Sources */ = {isa = PBXBuildFile; fileRef = C413F2B01BEB6753002816BE /* PreferencesController.swift */; };
		C416C8051D81B92B0006DD89 /* PropertyListKeys.swift in Sources */ = {isa = PBXBuildFile; fileRef = C4FA9B171C0F155F009CF439 /* PropertyListKeys.swift */; };
		C416C8061D81B92B0006DD89 /* UserDefaultsKeys.swift in Sources */ = {isa = PBXBuildFile; fileRef = C4F94D151D48B2AD0045D4B6 /* UserDefaultsKeys.swift */; };
		C416C8071D81B9300006DD89 /* UserDefaults+Adds.swift in Sources */ = {isa = PBXBuildFile; fileRef = C47F32501AED1E3B00195CDA /* UserDefaults+Adds.swift */; };
		C416C8081D81B9330006DD89 /* RawRepresentable+Prephirences.swift in Sources */ = {isa = PBXBuildFile; fileRef = C4D15A191D3CE2780030E8CF /* RawRepresentable+Prephirences.swift */; };
		C416C8091D81B9360006DD89 /* ManagedObjectPreferences.swift in Sources */ = {isa = PBXBuildFile; fileRef = C47F324C1AED144500195CDA /* ManagedObjectPreferences.swift */; };
		C416C80A1D81BAF80006DD89 /* PreferenceOperators.swift in Sources */ = {isa = PBXBuildFile; fileRef = C43CA39C1D7434A800D318FF /* PreferenceOperators.swift */; };
		C41E78EA1B1B48B9009CB458 /* Prephirences.swift in Sources */ = {isa = PBXBuildFile; fileRef = C4B3ED2B1B17165C00D807DA /* Prephirences.swift */; };
		C42114E01AE7D84900A09DD9 /* PrephirencesiOS.h in Headers */ = {isa = PBXBuildFile; fileRef = C42114DF1AE7D84900A09DD9 /* PrephirencesiOS.h */; settings = {ATTRIBUTES = (Public, ); }; };
		C42114F41AE7D86D00A09DD9 /* PreferencesType.swift in Sources */ = {isa = PBXBuildFile; fileRef = C42114D01AE7D15D00A09DD9 /* PreferencesType.swift */; };
		C42114F51AE7D86F00A09DD9 /* DictionaryPreferences.swift in Sources */ = {isa = PBXBuildFile; fileRef = C42114D21AE7D1F200A09DD9 /* DictionaryPreferences.swift */; };
		C42114F61AE7D87400A09DD9 /* PatternPreferences.swift in Sources */ = {isa = PBXBuildFile; fileRef = C42114D41AE7D32800A09DD9 /* PatternPreferences.swift */; };
		C42114F71AE7D87600A09DD9 /* UserDefaults+Prephirences.swift in Sources */ = {isa = PBXBuildFile; fileRef = C42114CE1AE7D15000A09DD9 /* UserDefaults+Prephirences.swift */; };
		C42115031AE7D8E200A09DD9 /* PrephirencesMacOSX.h in Headers */ = {isa = PBXBuildFile; fileRef = C42115021AE7D8E200A09DD9 /* PrephirencesMacOSX.h */; settings = {ATTRIBUTES = (Public, ); }; };
		C42115171AE7D90E00A09DD9 /* PreferencesType.swift in Sources */ = {isa = PBXBuildFile; fileRef = C42114D01AE7D15D00A09DD9 /* PreferencesType.swift */; };
		C42115181AE7D91100A09DD9 /* DictionaryPreferences.swift in Sources */ = {isa = PBXBuildFile; fileRef = C42114D21AE7D1F200A09DD9 /* DictionaryPreferences.swift */; };
		C42115191AE7D91300A09DD9 /* PatternPreferences.swift in Sources */ = {isa = PBXBuildFile; fileRef = C42114D41AE7D32800A09DD9 /* PatternPreferences.swift */; };
		C421151A1AE7D91600A09DD9 /* UserDefaults+Prephirences.swift in Sources */ = {isa = PBXBuildFile; fileRef = C42114CE1AE7D15000A09DD9 /* UserDefaults+Prephirences.swift */; };
		C42DB80C20E2440D004380CC /* KeychainTests.swift in Sources */ = {isa = PBXBuildFile; fileRef = C42DB80B20E2440D004380CC /* KeychainTests.swift */; };
		C42DB81620E26123004380CC /* Prephirences.framework in Frameworks */ = {isa = PBXBuildFile; fileRef = C42114FE1AE7D8E200A09DD9 /* Prephirences.framework */; };
		C42DB81C20E2613B004380CC /* PrephirencesTests.swift in Sources */ = {isa = PBXBuildFile; fileRef = C4FF650D1B6B7C7300BFE4F4 /* PrephirencesTests.swift */; };
		C42DB81D20E2613B004380CC /* KeychainTests.swift in Sources */ = {isa = PBXBuildFile; fileRef = C42DB80B20E2440D004380CC /* KeychainTests.swift */; };
		C42DB81E20E262EE004380CC /* Test.plist in Resources */ = {isa = PBXBuildFile; fileRef = C4A3F3141BA44DC700F40DB6 /* Test.plist */; };
		C43CA39D1D7434A800D318FF /* PreferenceOperators.swift in Sources */ = {isa = PBXBuildFile; fileRef = C43CA39C1D7434A800D318FF /* PreferenceOperators.swift */; };
		C43CA39E1D7434A800D318FF /* PreferenceOperators.swift in Sources */ = {isa = PBXBuildFile; fileRef = C43CA39C1D7434A800D318FF /* PreferenceOperators.swift */; };
		C43CA39F1D7434A800D318FF /* PreferenceOperators.swift in Sources */ = {isa = PBXBuildFile; fileRef = C43CA39C1D7434A800D318FF /* PreferenceOperators.swift */; };
		C44CBDC31C21B32D00902E5C /* NSHTTPCookieStorage+Prephirences.swift in Sources */ = {isa = PBXBuildFile; fileRef = C44CBDC21C21B32D00902E5C /* NSHTTPCookieStorage+Prephirences.swift */; };
		C44CBDC41C21B32D00902E5C /* NSHTTPCookieStorage+Prephirences.swift in Sources */ = {isa = PBXBuildFile; fileRef = C44CBDC21C21B32D00902E5C /* NSHTTPCookieStorage+Prephirences.swift */; };
		C44CBDC71C21B6B000902E5C /* NSHTTPCookieStorage+Prephirences.swift in Sources */ = {isa = PBXBuildFile; fileRef = C44CBDC21C21B32D00902E5C /* NSHTTPCookieStorage+Prephirences.swift */; };
		C45D981F1C3AC12D007C8ECC /* NSCoder+Prephirences.swift in Sources */ = {isa = PBXBuildFile; fileRef = C45D981E1C3AC12D007C8ECC /* NSCoder+Prephirences.swift */; };
		C45D98201C3AC12D007C8ECC /* NSCoder+Prephirences.swift in Sources */ = {isa = PBXBuildFile; fileRef = C45D981E1C3AC12D007C8ECC /* NSCoder+Prephirences.swift */; };
		C45D98211C3AC12D007C8ECC /* NSCoder+Prephirences.swift in Sources */ = {isa = PBXBuildFile; fileRef = C45D981E1C3AC12D007C8ECC /* NSCoder+Prephirences.swift */; };
		C46B4C171AEE432000B95F6B /* NSUbiquitousKeyValueStore+Prephirences.swift in Sources */ = {isa = PBXBuildFile; fileRef = C47F32531AED289400195CDA /* NSUbiquitousKeyValueStore+Prephirences.swift */; };
		C46B4C181AEE432000B95F6B /* NSUbiquitousKeyValueStore+Prephirences.swift in Sources */ = {isa = PBXBuildFile; fileRef = C47F32531AED289400195CDA /* NSUbiquitousKeyValueStore+Prephirences.swift */; };
		C477D9D81C03237F00486C13 /* ReflectingPreferences.swift in Sources */ = {isa = PBXBuildFile; fileRef = C477D9D71C03237F00486C13 /* ReflectingPreferences.swift */; };
		C477D9D91C03237F00486C13 /* ReflectingPreferences.swift in Sources */ = {isa = PBXBuildFile; fileRef = C477D9D71C03237F00486C13 /* ReflectingPreferences.swift */; };
		C477D9DA1C03237F00486C13 /* ReflectingPreferences.swift in Sources */ = {isa = PBXBuildFile; fileRef = C477D9D71C03237F00486C13 /* ReflectingPreferences.swift */; };
		C47F324D1AED144500195CDA /* ManagedObjectPreferences.swift in Sources */ = {isa = PBXBuildFile; fileRef = C47F324C1AED144500195CDA /* ManagedObjectPreferences.swift */; };
		C47F324E1AED144500195CDA /* ManagedObjectPreferences.swift in Sources */ = {isa = PBXBuildFile; fileRef = C47F324C1AED144500195CDA /* ManagedObjectPreferences.swift */; };
		C47F32511AED1E3B00195CDA /* UserDefaults+Adds.swift in Sources */ = {isa = PBXBuildFile; fileRef = C47F32501AED1E3B00195CDA /* UserDefaults+Adds.swift */; };
		C47F32521AED1E3B00195CDA /* UserDefaults+Adds.swift in Sources */ = {isa = PBXBuildFile; fileRef = C47F32501AED1E3B00195CDA /* UserDefaults+Adds.swift */; };
		C4876C891F6578210080839E /* NSCachePreferences.swift in Sources */ = {isa = PBXBuildFile; fileRef = C4876C881F6578210080839E /* NSCachePreferences.swift */; };
		C4876C8A1F6578210080839E /* NSCachePreferences.swift in Sources */ = {isa = PBXBuildFile; fileRef = C4876C881F6578210080839E /* NSCachePreferences.swift */; };
		C4876C8B1F657EB20080839E /* NSCachePreferences.swift in Sources */ = {isa = PBXBuildFile; fileRef = C4876C881F6578210080839E /* NSCachePreferences.swift */; };
		C4876C8C1F657EB20080839E /* NSCachePreferences.swift in Sources */ = {isa = PBXBuildFile; fileRef = C4876C881F6578210080839E /* NSCachePreferences.swift */; };
		C4A3F3151BA44DC700F40DB6 /* Test.plist in Resources */ = {isa = PBXBuildFile; fileRef = C4A3F3141BA44DC700F40DB6 /* Test.plist */; };
		C4B3ED2C1B17165C00D807DA /* Prephirences.swift in Sources */ = {isa = PBXBuildFile; fileRef = C4B3ED2B1B17165C00D807DA /* Prephirences.swift */; };
		C4B838421B284C15009D5B74 /* Preference.swift in Sources */ = {isa = PBXBuildFile; fileRef = C4B838411B284C15009D5B74 /* Preference.swift */; };
		C4B838431B287E38009D5B74 /* Preference.swift in Sources */ = {isa = PBXBuildFile; fileRef = C4B838411B284C15009D5B74 /* Preference.swift */; };
		C4BF518A1B259C3900C4FF98 /* KeychainPreferences.swift in Sources */ = {isa = PBXBuildFile; fileRef = C4BF51891B259C3900C4FF98 /* KeychainPreferences.swift */; };
		C4BF518B1B259C3900C4FF98 /* KeychainPreferences.swift in Sources */ = {isa = PBXBuildFile; fileRef = C4BF51891B259C3900C4FF98 /* KeychainPreferences.swift */; };
		C4D15A1A1D3CE2780030E8CF /* RawRepresentable+Prephirences.swift in Sources */ = {isa = PBXBuildFile; fileRef = C4D15A191D3CE2780030E8CF /* RawRepresentable+Prephirences.swift */; };
		C4D15A1B1D3CE2780030E8CF /* RawRepresentable+Prephirences.swift in Sources */ = {isa = PBXBuildFile; fileRef = C4D15A191D3CE2780030E8CF /* RawRepresentable+Prephirences.swift */; };
		C4D15A1C1D3CE2780030E8CF /* RawRepresentable+Prephirences.swift in Sources */ = {isa = PBXBuildFile; fileRef = C4D15A191D3CE2780030E8CF /* RawRepresentable+Prephirences.swift */; };
		C4DA5C8020E27BD800E0C373 /* Entitlements.plist in Resources */ = {isa = PBXBuildFile; fileRef = C4DA5C7F20E27BD800E0C373 /* Entitlements.plist */; };
		C4EBB8441B15DE4D0075187B /* Plist.swift in Sources */ = {isa = PBXBuildFile; fileRef = C4EBB8431B15DE4D0075187B /* Plist.swift */; };
		C4EBB8451B15E1180075187B /* Plist.swift in Sources */ = {isa = PBXBuildFile; fileRef = C4EBB8431B15DE4D0075187B /* Plist.swift */; };
		C4F2A6861B147CCD0092017D /* PreferencesTabViewController.swift in Sources */ = {isa = PBXBuildFile; fileRef = C4F2A6851B147CCD0092017D /* PreferencesTabViewController.swift */; };
		C4F94D161D48B2AD0045D4B6 /* UserDefaultsKeys.swift in Sources */ = {isa = PBXBuildFile; fileRef = C4F94D151D48B2AD0045D4B6 /* UserDefaultsKeys.swift */; };
		C4F94D171D48B2AD0045D4B6 /* UserDefaultsKeys.swift in Sources */ = {isa = PBXBuildFile; fileRef = C4F94D151D48B2AD0045D4B6 /* UserDefaultsKeys.swift */; };
		C4F94D181D48B2AD0045D4B6 /* UserDefaultsKeys.swift in Sources */ = {isa = PBXBuildFile; fileRef = C4F94D151D48B2AD0045D4B6 /* UserDefaultsKeys.swift */; };
		C4FA9B181C0F155F009CF439 /* PropertyListKeys.swift in Sources */ = {isa = PBXBuildFile; fileRef = C4FA9B171C0F155F009CF439 /* PropertyListKeys.swift */; };
		C4FA9B191C0F155F009CF439 /* PropertyListKeys.swift in Sources */ = {isa = PBXBuildFile; fileRef = C4FA9B171C0F155F009CF439 /* PropertyListKeys.swift */; };
		C4FA9B1A1C0F155F009CF439 /* PropertyListKeys.swift in Sources */ = {isa = PBXBuildFile; fileRef = C4FA9B171C0F155F009CF439 /* PropertyListKeys.swift */; };
		C4FA9B1D1C0F1730009CF439 /* Bundle.swift in Sources */ = {isa = PBXBuildFile; fileRef = C4FA9B1C1C0F1730009CF439 /* Bundle.swift */; };
		C4FA9B1E1C0F1730009CF439 /* Bundle.swift in Sources */ = {isa = PBXBuildFile; fileRef = C4FA9B1C1C0F1730009CF439 /* Bundle.swift */; };
		C4FA9B1F1C0F1730009CF439 /* Bundle.swift in Sources */ = {isa = PBXBuildFile; fileRef = C4FA9B1C1C0F1730009CF439 /* Bundle.swift */; };
		C4FF650E1B6B7C7300BFE4F4 /* PrephirencesTests.swift in Sources */ = {isa = PBXBuildFile; fileRef = C4FF650D1B6B7C7300BFE4F4 /* PrephirencesTests.swift */; };
		C4FF65101B6B7C7300BFE4F4 /* Prephirences.framework in Frameworks */ = {isa = PBXBuildFile; fileRef = C42114DB1AE7D84900A09DD9 /* Prephirences.framework */; };
/* End PBXBuildFile section */

/* Begin PBXContainerItemProxy section */
		C42DB81720E26123004380CC /* PBXContainerItemProxy */ = {
			isa = PBXContainerItemProxy;
			containerPortal = C42114A71AE7D0CB00A09DD9 /* Project object */;
			proxyType = 1;
			remoteGlobalIDString = C42114FD1AE7D8E200A09DD9;
			remoteInfo = PrephirencesMac;
		};
		C4FF65111B6B7C7300BFE4F4 /* PBXContainerItemProxy */ = {
			isa = PBXContainerItemProxy;
			containerPortal = C42114A71AE7D0CB00A09DD9 /* Project object */;
			proxyType = 1;
			remoteGlobalIDString = C42114DA1AE7D84900A09DD9;
			remoteInfo = PrephirencesiOS;
		};
/* End PBXContainerItemProxy section */

/* Begin PBXFileReference section */
		07FC415E1BE66517005F195C /* Prephirences.framework */ = {isa = PBXFileReference; explicitFileType = wrapper.framework; includeInIndex = 0; path = Prephirences.framework; sourceTree = BUILT_PRODUCTS_DIR; };
		07FC41601BE66517005F195C /* PrephirencesWatchos.h */ = {isa = PBXFileReference; lastKnownFileType = sourcecode.c.h; path = PrephirencesWatchos.h; sourceTree = "<group>"; };
		07FC41621BE66517005F195C /* Info.plist */ = {isa = PBXFileReference; lastKnownFileType = text.plist.xml; path = Info.plist; sourceTree = "<group>"; };
		07FC41711BE66A30005F195C /* PreferencesOperators.swift */ = {isa = PBXFileReference; fileEncoding = 4; lastKnownFileType = sourcecode.swift; path = PreferencesOperators.swift; sourceTree = "<group>"; };
		07FC417A1BE670BF005F195C /* Prephirences.framework */ = {isa = PBXFileReference; explicitFileType = wrapper.framework; includeInIndex = 0; path = Prephirences.framework; sourceTree = BUILT_PRODUCTS_DIR; };
		07FC417C1BE670BF005F195C /* PrephirencesTvOS.h */ = {isa = PBXFileReference; lastKnownFileType = sourcecode.c.h; path = PrephirencesTvOS.h; sourceTree = "<group>"; };
		07FC417E1BE670BF005F195C /* Info.plist */ = {isa = PBXFileReference; lastKnownFileType = text.plist.xml; path = Info.plist; sourceTree = "<group>"; };
		483C2FCF22413D7C007380E2 /* Prephirencable.swift */ = {isa = PBXFileReference; lastKnownFileType = sourcecode.swift; path = Prephirencable.swift; sourceTree = "<group>"; };
		489EC52520B8376E00F54424 /* PrephirenceType+Codable.swift */ = {isa = PBXFileReference; lastKnownFileType = sourcecode.swift; path = "PrephirenceType+Codable.swift"; sourceTree = "<group>"; };
		C404AE181D81B43100E5321E /* PreferenceTransformation.swift */ = {isa = PBXFileReference; fileEncoding = 4; lastKnownFileType = sourcecode.swift; path = PreferenceTransformation.swift; sourceTree = "<group>"; };
		C413F2B01BEB6753002816BE /* PreferencesController.swift */ = {isa = PBXFileReference; fileEncoding = 4; lastKnownFileType = sourcecode.swift; path = PreferencesController.swift; sourceTree = "<group>"; };
		C42114CE1AE7D15000A09DD9 /* UserDefaults+Prephirences.swift */ = {isa = PBXFileReference; fileEncoding = 4; lastKnownFileType = sourcecode.swift; path = "UserDefaults+Prephirences.swift"; sourceTree = "<group>"; };
		C42114D01AE7D15D00A09DD9 /* PreferencesType.swift */ = {isa = PBXFileReference; fileEncoding = 4; lastKnownFileType = sourcecode.swift; path = PreferencesType.swift; sourceTree = "<group>"; };
		C42114D21AE7D1F200A09DD9 /* DictionaryPreferences.swift */ = {isa = PBXFileReference; fileEncoding = 4; lastKnownFileType = sourcecode.swift; path = DictionaryPreferences.swift; sourceTree = "<group>"; };
		C42114D41AE7D32800A09DD9 /* PatternPreferences.swift */ = {isa = PBXFileReference; fileEncoding = 4; lastKnownFileType = sourcecode.swift; path = PatternPreferences.swift; sourceTree = "<group>"; };
		C42114DB1AE7D84900A09DD9 /* Prephirences.framework */ = {isa = PBXFileReference; explicitFileType = wrapper.framework; includeInIndex = 0; path = Prephirences.framework; sourceTree = BUILT_PRODUCTS_DIR; };
		C42114DE1AE7D84900A09DD9 /* Info.plist */ = {isa = PBXFileReference; lastKnownFileType = text.plist.xml; path = Info.plist; sourceTree = "<group>"; };
		C42114DF1AE7D84900A09DD9 /* PrephirencesiOS.h */ = {isa = PBXFileReference; lastKnownFileType = sourcecode.c.h; path = PrephirencesiOS.h; sourceTree = "<group>"; };
		C42114FE1AE7D8E200A09DD9 /* Prephirences.framework */ = {isa = PBXFileReference; explicitFileType = wrapper.framework; includeInIndex = 0; path = Prephirences.framework; sourceTree = BUILT_PRODUCTS_DIR; };
		C42115011AE7D8E200A09DD9 /* Info.plist */ = {isa = PBXFileReference; lastKnownFileType = text.plist.xml; path = Info.plist; sourceTree = "<group>"; };
		C42115021AE7D8E200A09DD9 /* PrephirencesMacOSX.h */ = {isa = PBXFileReference; lastKnownFileType = sourcecode.c.h; path = PrephirencesMacOSX.h; sourceTree = "<group>"; };
		C42DB80B20E2440D004380CC /* KeychainTests.swift */ = {isa = PBXFileReference; lastKnownFileType = sourcecode.swift; path = KeychainTests.swift; sourceTree = "<group>"; };
		C42DB81120E26123004380CC /* PrephirencesMacTests.xctest */ = {isa = PBXFileReference; explicitFileType = wrapper.cfbundle; includeInIndex = 0; path = PrephirencesMacTests.xctest; sourceTree = BUILT_PRODUCTS_DIR; };
		C42DB81520E26123004380CC /* InfoMac.plist */ = {isa = PBXFileReference; lastKnownFileType = text.plist.xml; path = InfoMac.plist; sourceTree = "<group>"; };
		C43CA39C1D7434A800D318FF /* PreferenceOperators.swift */ = {isa = PBXFileReference; fileEncoding = 4; lastKnownFileType = sourcecode.swift; path = PreferenceOperators.swift; sourceTree = "<group>"; };
		C44CBDC21C21B32D00902E5C /* NSHTTPCookieStorage+Prephirences.swift */ = {isa = PBXFileReference; fileEncoding = 4; lastKnownFileType = sourcecode.swift; path = "NSHTTPCookieStorage+Prephirences.swift"; sourceTree = "<group>"; };
		C45D31391AE929D40034D1E3 /* LICENSE */ = {isa = PBXFileReference; lastKnownFileType = text; path = LICENSE; sourceTree = "<group>"; };
		C45D981E1C3AC12D007C8ECC /* NSCoder+Prephirences.swift */ = {isa = PBXFileReference; fileEncoding = 4; lastKnownFileType = sourcecode.swift; path = "NSCoder+Prephirences.swift"; sourceTree = "<group>"; };
		C477D9D71C03237F00486C13 /* ReflectingPreferences.swift */ = {isa = PBXFileReference; fileEncoding = 4; lastKnownFileType = sourcecode.swift; path = ReflectingPreferences.swift; sourceTree = "<group>"; };
		C47F324C1AED144500195CDA /* ManagedObjectPreferences.swift */ = {isa = PBXFileReference; fileEncoding = 4; lastKnownFileType = sourcecode.swift; path = ManagedObjectPreferences.swift; sourceTree = "<group>"; };
		C47F32501AED1E3B00195CDA /* UserDefaults+Adds.swift */ = {isa = PBXFileReference; fileEncoding = 4; lastKnownFileType = sourcecode.swift; path = "UserDefaults+Adds.swift"; sourceTree = "<group>"; };
		C47F32531AED289400195CDA /* NSUbiquitousKeyValueStore+Prephirences.swift */ = {isa = PBXFileReference; fileEncoding = 4; lastKnownFileType = sourcecode.swift; path = "NSUbiquitousKeyValueStore+Prephirences.swift"; sourceTree = "<group>"; };
		C4876C881F6578210080839E /* NSCachePreferences.swift */ = {isa = PBXFileReference; fileEncoding = 4; lastKnownFileType = sourcecode.swift; path = NSCachePreferences.swift; sourceTree = "<group>"; };
		C4A3F3141BA44DC700F40DB6 /* Test.plist */ = {isa = PBXFileReference; fileEncoding = 4; lastKnownFileType = text.plist.xml; path = Test.plist; sourceTree = "<group>"; };
		C4B3ED2B1B17165C00D807DA /* Prephirences.swift */ = {isa = PBXFileReference; fileEncoding = 4; lastKnownFileType = sourcecode.swift; path = Prephirences.swift; sourceTree = "<group>"; };
		C4B838411B284C15009D5B74 /* Preference.swift */ = {isa = PBXFileReference; fileEncoding = 4; lastKnownFileType = sourcecode.swift; path = Preference.swift; sourceTree = "<group>"; };
		C4BF51891B259C3900C4FF98 /* KeychainPreferences.swift */ = {isa = PBXFileReference; fileEncoding = 4; lastKnownFileType = sourcecode.swift; path = KeychainPreferences.swift; sourceTree = "<group>"; };
		C4D15A191D3CE2780030E8CF /* RawRepresentable+Prephirences.swift */ = {isa = PBXFileReference; fileEncoding = 4; lastKnownFileType = sourcecode.swift; path = "RawRepresentable+Prephirences.swift"; sourceTree = "<group>"; };
		C4DA5C7F20E27BD800E0C373 /* Entitlements.plist */ = {isa = PBXFileReference; fileEncoding = 4; lastKnownFileType = text.plist.xml; path = Entitlements.plist; sourceTree = "<group>"; };
		C4EBB8431B15DE4D0075187B /* Plist.swift */ = {isa = PBXFileReference; fileEncoding = 4; lastKnownFileType = sourcecode.swift; path = Plist.swift; sourceTree = "<group>"; };
		C4F2A6851B147CCD0092017D /* PreferencesTabViewController.swift */ = {isa = PBXFileReference; fileEncoding = 4; lastKnownFileType = sourcecode.swift; path = PreferencesTabViewController.swift; sourceTree = "<group>"; };
		C4F94D151D48B2AD0045D4B6 /* UserDefaultsKeys.swift */ = {isa = PBXFileReference; fileEncoding = 4; lastKnownFileType = sourcecode.swift; path = UserDefaultsKeys.swift; sourceTree = "<group>"; };
		C4FA9B171C0F155F009CF439 /* PropertyListKeys.swift */ = {isa = PBXFileReference; fileEncoding = 4; lastKnownFileType = sourcecode.swift; path = PropertyListKeys.swift; sourceTree = "<group>"; };
		C4FA9B1C1C0F1730009CF439 /* Bundle.swift */ = {isa = PBXFileReference; fileEncoding = 4; lastKnownFileType = sourcecode.swift; path = Bundle.swift; sourceTree = "<group>"; };
		C4FF650B1B6B7C7300BFE4F4 /* PrephirencesiOSTests.xctest */ = {isa = PBXFileReference; explicitFileType = wrapper.cfbundle; includeInIndex = 0; path = PrephirencesiOSTests.xctest; sourceTree = BUILT_PRODUCTS_DIR; };
		C4FF650D1B6B7C7300BFE4F4 /* PrephirencesTests.swift */ = {isa = PBXFileReference; lastKnownFileType = sourcecode.swift; path = PrephirencesTests.swift; sourceTree = "<group>"; };
		C4FF650F1B6B7C7300BFE4F4 /* Info.plist */ = {isa = PBXFileReference; lastKnownFileType = text.plist.xml; path = Info.plist; sourceTree = "<group>"; };
		C5A5A0DB22DF4DF000C0FB38 /* Package.swift */ = {isa = PBXFileReference; lastKnownFileType = sourcecode.swift; path = Package.swift; sourceTree = "<group>"; };
/* End PBXFileReference section */

/* Begin PBXFrameworksBuildPhase section */
		07FC415A1BE66517005F195C /* Frameworks */ = {
			isa = PBXFrameworksBuildPhase;
			buildActionMask = 2147483647;
			files = (
			);
			runOnlyForDeploymentPostprocessing = 0;
		};
		07FC41761BE670BF005F195C /* Frameworks */ = {
			isa = PBXFrameworksBuildPhase;
			buildActionMask = 2147483647;
			files = (
			);
			runOnlyForDeploymentPostprocessing = 0;
		};
		C42114D71AE7D84900A09DD9 /* Frameworks */ = {
			isa = PBXFrameworksBuildPhase;
			buildActionMask = 2147483647;
			files = (
			);
			runOnlyForDeploymentPostprocessing = 0;
		};
		C42114FA1AE7D8E200A09DD9 /* Frameworks */ = {
			isa = PBXFrameworksBuildPhase;
			buildActionMask = 2147483647;
			files = (
			);
			runOnlyForDeploymentPostprocessing = 0;
		};
		C42DB80E20E26123004380CC /* Frameworks */ = {
			isa = PBXFrameworksBuildPhase;
			buildActionMask = 2147483647;
			files = (
				C42DB81620E26123004380CC /* Prephirences.framework in Frameworks */,
			);
			runOnlyForDeploymentPostprocessing = 0;
		};
		C4FF65081B6B7C7300BFE4F4 /* Frameworks */ = {
			isa = PBXFrameworksBuildPhase;
			buildActionMask = 2147483647;
			files = (
				C4FF65101B6B7C7300BFE4F4 /* Prephirences.framework in Frameworks */,
			);
			runOnlyForDeploymentPostprocessing = 0;
		};
/* End PBXFrameworksBuildPhase section */

/* Begin PBXGroup section */
		07FC415F1BE66517005F195C /* watchOS */ = {
			isa = PBXGroup;
			children = (
				07FC41601BE66517005F195C /* PrephirencesWatchos.h */,
				07FC41621BE66517005F195C /* Info.plist */,
			);
			name = watchOS;
			path = Xcodes/watchOS;
			sourceTree = "<group>";
		};
		07FC417B1BE670BF005F195C /* tvOS */ = {
			isa = PBXGroup;
			children = (
				07FC417C1BE670BF005F195C /* PrephirencesTvOS.h */,
				07FC417E1BE670BF005F195C /* Info.plist */,
			);
			name = tvOS;
			path = Xcodes/tvOS;
			sourceTree = "<group>";
		};
		C42114A61AE7D0CB00A09DD9 = {
			isa = PBXGroup;
			children = (
				C5A5A0DB22DF4DF000C0FB38 /* Package.swift */,
				C42114B21AE7D0CB00A09DD9 /* Sources */,
				C4AAB72A1E52EBF400348D04 /* Xcodes */,
				C45D313B1AE929F10034D1E3 /* Resources */,
				C4FF650C1B6B7C7300BFE4F4 /* Tests */,
				C42114B11AE7D0CB00A09DD9 /* Products */,
			);
			sourceTree = "<group>";
		};
		C42114B11AE7D0CB00A09DD9 /* Products */ = {
			isa = PBXGroup;
			children = (
				C42114DB1AE7D84900A09DD9 /* Prephirences.framework */,
				C42114FE1AE7D8E200A09DD9 /* Prephirences.framework */,
				C4FF650B1B6B7C7300BFE4F4 /* PrephirencesiOSTests.xctest */,
				07FC415E1BE66517005F195C /* Prephirences.framework */,
				07FC417A1BE670BF005F195C /* Prephirences.framework */,
				C42DB81120E26123004380CC /* PrephirencesMacTests.xctest */,
			);
			name = Products;
			sourceTree = "<group>";
		};
		C42114B21AE7D0CB00A09DD9 /* Sources */ = {
			isa = PBXGroup;
			children = (
				C42114D01AE7D15D00A09DD9 /* PreferencesType.swift */,
				C4B3ED2B1B17165C00D807DA /* Prephirences.swift */,
				07FC41711BE66A30005F195C /* PreferencesOperators.swift */,
				C4B838411B284C15009D5B74 /* Preference.swift */,
				C43CA39C1D7434A800D318FF /* PreferenceOperators.swift */,
				C404AE181D81B43100E5321E /* PreferenceTransformation.swift */,
				489EC52520B8376E00F54424 /* PrephirenceType+Codable.swift */,
				483C2FCF22413D7C007380E2 /* Prephirencable.swift */,
				C44CBDC51C21B35000902E5C /* Impl */,
				C44CBDC61C21B35C00902E5C /* UI */,
				C4FA9B161C0F1551009CF439 /* Keys */,
				C47F324F1AED1DD900195CDA /* UserDefaults */,
				C4D15A181D3CE22C0030E8CF /* RawRepresentableKey */,
				C47F324B1AED142100195CDA /* CoreData */,
			);
			path = Sources;
			sourceTree = "<group>";
		};
		C42114DC1AE7D84900A09DD9 /* iOS */ = {
			isa = PBXGroup;
			children = (
				C42114DF1AE7D84900A09DD9 /* PrephirencesiOS.h */,
				C42114DD1AE7D84900A09DD9 /* Supporting Files */,
			);
			name = iOS;
			path = Xcodes/iOS;
			sourceTree = "<group>";
		};
		C42114DD1AE7D84900A09DD9 /* Supporting Files */ = {
			isa = PBXGroup;
			children = (
				C42114DE1AE7D84900A09DD9 /* Info.plist */,
			);
			name = "Supporting Files";
			sourceTree = "<group>";
		};
		C42114FF1AE7D8E200A09DD9 /* Mac */ = {
			isa = PBXGroup;
			children = (
				C4F2A6851B147CCD0092017D /* PreferencesTabViewController.swift */,
				C42115021AE7D8E200A09DD9 /* PrephirencesMacOSX.h */,
				C42115001AE7D8E200A09DD9 /* Supporting Files */,
			);
			name = Mac;
			path = Xcodes/Mac;
			sourceTree = "<group>";
		};
		C42115001AE7D8E200A09DD9 /* Supporting Files */ = {
			isa = PBXGroup;
			children = (
				C42115011AE7D8E200A09DD9 /* Info.plist */,
			);
			name = "Supporting Files";
			sourceTree = "<group>";
		};
		C44CBDC51C21B35000902E5C /* Impl */ = {
			isa = PBXGroup;
			children = (
				C42114D21AE7D1F200A09DD9 /* DictionaryPreferences.swift */,
				C42114D41AE7D32800A09DD9 /* PatternPreferences.swift */,
				C4EBB8431B15DE4D0075187B /* Plist.swift */,
				C42114CE1AE7D15000A09DD9 /* UserDefaults+Prephirences.swift */,
				C47F32531AED289400195CDA /* NSUbiquitousKeyValueStore+Prephirences.swift */,
				C44CBDC21C21B32D00902E5C /* NSHTTPCookieStorage+Prephirences.swift */,
				C4BF51891B259C3900C4FF98 /* KeychainPreferences.swift */,
				C477D9D71C03237F00486C13 /* ReflectingPreferences.swift */,
				C4FA9B1C1C0F1730009CF439 /* Bundle.swift */,
				C45D981E1C3AC12D007C8ECC /* NSCoder+Prephirences.swift */,
				C4876C881F6578210080839E /* NSCachePreferences.swift */,
			);
			name = Impl;
			sourceTree = "<group>";
		};
		C44CBDC61C21B35C00902E5C /* UI */ = {
			isa = PBXGroup;
			children = (
				C413F2B01BEB6753002816BE /* PreferencesController.swift */,
			);
			name = UI;
			sourceTree = "<group>";
		};
		C45D313B1AE929F10034D1E3 /* Resources */ = {
			isa = PBXGroup;
			children = (
				C45D31391AE929D40034D1E3 /* LICENSE */,
			);
			name = Resources;
			sourceTree = "<group>";
		};
		C47F324B1AED142100195CDA /* CoreData */ = {
			isa = PBXGroup;
			children = (
				C47F324C1AED144500195CDA /* ManagedObjectPreferences.swift */,
			);
			path = CoreData;
			sourceTree = "<group>";
		};
		C47F324F1AED1DD900195CDA /* UserDefaults */ = {
			isa = PBXGroup;
			children = (
				C47F32501AED1E3B00195CDA /* UserDefaults+Adds.swift */,
			);
			path = UserDefaults;
			sourceTree = "<group>";
		};
		C4AAB72A1E52EBF400348D04 /* Xcodes */ = {
			isa = PBXGroup;
			children = (
				C42114DC1AE7D84900A09DD9 /* iOS */,
				07FC415F1BE66517005F195C /* watchOS */,
				07FC417B1BE670BF005F195C /* tvOS */,
				C42114FF1AE7D8E200A09DD9 /* Mac */,
			);
			name = Xcodes;
			sourceTree = "<group>";
		};
		C4D15A181D3CE22C0030E8CF /* RawRepresentableKey */ = {
			isa = PBXGroup;
			children = (
				C4D15A191D3CE2780030E8CF /* RawRepresentable+Prephirences.swift */,
			);
			path = RawRepresentableKey;
			sourceTree = "<group>";
		};
		C4FA9B161C0F1551009CF439 /* Keys */ = {
			isa = PBXGroup;
			children = (
				C4FA9B171C0F155F009CF439 /* PropertyListKeys.swift */,
				C4F94D151D48B2AD0045D4B6 /* UserDefaultsKeys.swift */,
			);
			path = Keys;
			sourceTree = "<group>";
		};
		C4FF650C1B6B7C7300BFE4F4 /* Tests */ = {
			isa = PBXGroup;
			children = (
				C42DB81520E26123004380CC /* InfoMac.plist */,
				C4FF650D1B6B7C7300BFE4F4 /* PrephirencesTests.swift */,
				C42DB80B20E2440D004380CC /* KeychainTests.swift */,
				C4FF650F1B6B7C7300BFE4F4 /* Info.plist */,
				C4A3F3141BA44DC700F40DB6 /* Test.plist */,
				C4DA5C7F20E27BD800E0C373 /* Entitlements.plist */,
			);
			path = Tests;
			sourceTree = "<group>";
		};
/* End PBXGroup section */

/* Begin PBXHeadersBuildPhase section */
		07FC415B1BE66517005F195C /* Headers */ = {
			isa = PBXHeadersBuildPhase;
			buildActionMask = 2147483647;
			files = (
				07FC41611BE66517005F195C /* PrephirencesWatchos.h in Headers */,
			);
			runOnlyForDeploymentPostprocessing = 0;
		};
		07FC41771BE670BF005F195C /* Headers */ = {
			isa = PBXHeadersBuildPhase;
			buildActionMask = 2147483647;
			files = (
				07FC417D1BE670BF005F195C /* PrephirencesTvOS.h in Headers */,
			);
			runOnlyForDeploymentPostprocessing = 0;
		};
		C42114D81AE7D84900A09DD9 /* Headers */ = {
			isa = PBXHeadersBuildPhase;
			buildActionMask = 2147483647;
			files = (
				C42114E01AE7D84900A09DD9 /* PrephirencesiOS.h in Headers */,
			);
			runOnlyForDeploymentPostprocessing = 0;
		};
		C42114FB1AE7D8E200A09DD9 /* Headers */ = {
			isa = PBXHeadersBuildPhase;
			buildActionMask = 2147483647;
			files = (
				C42115031AE7D8E200A09DD9 /* PrephirencesMacOSX.h in Headers */,
			);
			runOnlyForDeploymentPostprocessing = 0;
		};
/* End PBXHeadersBuildPhase section */

/* Begin PBXNativeTarget section */
		07FC415D1BE66517005F195C /* PrephirencesWatchOS */ = {
			isa = PBXNativeTarget;
			buildConfigurationList = 07FC41651BE66517005F195C /* Build configuration list for PBXNativeTarget "PrephirencesWatchOS" */;
			buildPhases = (
				07FC41591BE66517005F195C /* Sources */,
				07FC415A1BE66517005F195C /* Frameworks */,
				07FC415B1BE66517005F195C /* Headers */,
				07FC415C1BE66517005F195C /* Resources */,
			);
			buildRules = (
			);
			dependencies = (
			);
			name = PrephirencesWatchOS;
			productName = PrephirenceWatchos;
			productReference = 07FC415E1BE66517005F195C /* Prephirences.framework */;
			productType = "com.apple.product-type.framework";
		};
		07FC41791BE670BF005F195C /* PrephirencesTvOS */ = {
			isa = PBXNativeTarget;
			buildConfigurationList = 07FC417F1BE670BF005F195C /* Build configuration list for PBXNativeTarget "PrephirencesTvOS" */;
			buildPhases = (
				07FC41751BE670BF005F195C /* Sources */,
				07FC41761BE670BF005F195C /* Frameworks */,
				07FC41771BE670BF005F195C /* Headers */,
				07FC41781BE670BF005F195C /* Resources */,
			);
			buildRules = (
			);
			dependencies = (
			);
			name = PrephirencesTvOS;
			productName = PrephirencesTvOS;
			productReference = 07FC417A1BE670BF005F195C /* Prephirences.framework */;
			productType = "com.apple.product-type.framework";
		};
		C42114DA1AE7D84900A09DD9 /* PrephirencesiOS */ = {
			isa = PBXNativeTarget;
			buildConfigurationList = C42114EE1AE7D84A00A09DD9 /* Build configuration list for PBXNativeTarget "PrephirencesiOS" */;
			buildPhases = (
				C42114D61AE7D84900A09DD9 /* Sources */,
				C42114D71AE7D84900A09DD9 /* Frameworks */,
				C42114D81AE7D84900A09DD9 /* Headers */,
				C42114D91AE7D84900A09DD9 /* Resources */,
			);
			buildRules = (
			);
			dependencies = (
			);
			name = PrephirencesiOS;
			productName = PrephirenceiOS;
			productReference = C42114DB1AE7D84900A09DD9 /* Prephirences.framework */;
			productType = "com.apple.product-type.framework";
		};
		C42114FD1AE7D8E200A09DD9 /* PrephirencesMac */ = {
			isa = PBXNativeTarget;
			buildConfigurationList = C42115111AE7D8E200A09DD9 /* Build configuration list for PBXNativeTarget "PrephirencesMac" */;
			buildPhases = (
				C42114F91AE7D8E200A09DD9 /* Sources */,
				C42114FA1AE7D8E200A09DD9 /* Frameworks */,
				C42114FB1AE7D8E200A09DD9 /* Headers */,
				C42114FC1AE7D8E200A09DD9 /* Resources */,
				C41BBFAE1E52F929004C0345 /* swiftlint */,
			);
			buildRules = (
			);
			dependencies = (
			);
			name = PrephirencesMac;
			productName = PrephirenceMacOSX;
			productReference = C42114FE1AE7D8E200A09DD9 /* Prephirences.framework */;
			productType = "com.apple.product-type.framework";
		};
		C42DB81020E26123004380CC /* PrephirencesMacTests */ = {
			isa = PBXNativeTarget;
			buildConfigurationList = C42DB81920E26123004380CC /* Build configuration list for PBXNativeTarget "PrephirencesMacTests" */;
			buildPhases = (
				C42DB80D20E26123004380CC /* Sources */,
				C42DB80E20E26123004380CC /* Frameworks */,
				C42DB80F20E26123004380CC /* Resources */,
			);
			buildRules = (
			);
			dependencies = (
				C42DB81820E26123004380CC /* PBXTargetDependency */,
			);
			name = PrephirencesMacTests;
			productName = PrephirencesMacTests;
			productReference = C42DB81120E26123004380CC /* PrephirencesMacTests.xctest */;
			productType = "com.apple.product-type.bundle.unit-test";
		};
		C4FF650A1B6B7C7300BFE4F4 /* PrephirencesiOSTests */ = {
			isa = PBXNativeTarget;
			buildConfigurationList = C4FF65131B6B7C7300BFE4F4 /* Build configuration list for PBXNativeTarget "PrephirencesiOSTests" */;
			buildPhases = (
				C4FF65071B6B7C7300BFE4F4 /* Sources */,
				C4FF65081B6B7C7300BFE4F4 /* Frameworks */,
				C4FF65091B6B7C7300BFE4F4 /* Resources */,
			);
			buildRules = (
			);
			dependencies = (
				C4FF65121B6B7C7300BFE4F4 /* PBXTargetDependency */,
			);
			name = PrephirencesiOSTests;
			productName = PrephirencesiOSTests;
			productReference = C4FF650B1B6B7C7300BFE4F4 /* PrephirencesiOSTests.xctest */;
			productType = "com.apple.product-type.bundle.unit-test";
		};
/* End PBXNativeTarget section */

/* Begin PBXProject section */
		C42114A71AE7D0CB00A09DD9 /* Project object */ = {
			isa = PBXProject;
			attributes = {
				LastSwiftMigration = 0700;
				LastSwiftUpdateCheck = 0940;
				LastUpgradeCheck = 1020;
				ORGANIZATIONNAME = phimage;
				TargetAttributes = {
					07FC415D1BE66517005F195C = {
						CreatedOnToolsVersion = 7.1;
					};
					07FC41791BE670BF005F195C = {
						CreatedOnToolsVersion = 7.1;
						LastSwiftMigration = 0800;
					};
					C42114DA1AE7D84900A09DD9 = {
						CreatedOnToolsVersion = 6.3;
						LastSwiftMigration = 1000;
					};
					C42114FD1AE7D8E200A09DD9 = {
						CreatedOnToolsVersion = 6.3;
						LastSwiftMigration = 1020;
					};
					C42DB81020E26123004380CC = {
						CreatedOnToolsVersion = 9.4.1;
						LastSwiftMigration = 1020;
						ProvisioningStyle = Automatic;
					};
					C4FF650A1B6B7C7300BFE4F4 = {
						CreatedOnToolsVersion = 7.0;
						LastSwiftMigration = 1000;
					};
				};
			};
			buildConfigurationList = C42114AA1AE7D0CB00A09DD9 /* Build configuration list for PBXProject "Prephirences" */;
			compatibilityVersion = "Xcode 3.2";
			developmentRegion = en;
			hasScannedForEncodings = 0;
			knownRegions = (
				en,
				Base,
			);
			mainGroup = C42114A61AE7D0CB00A09DD9;
			productRefGroup = C42114B11AE7D0CB00A09DD9 /* Products */;
			projectDirPath = "";
			projectRoot = "";
			targets = (
				C42114DA1AE7D84900A09DD9 /* PrephirencesiOS */,
				C42114FD1AE7D8E200A09DD9 /* PrephirencesMac */,
				07FC415D1BE66517005F195C /* PrephirencesWatchOS */,
				07FC41791BE670BF005F195C /* PrephirencesTvOS */,
				C4FF650A1B6B7C7300BFE4F4 /* PrephirencesiOSTests */,
				C42DB81020E26123004380CC /* PrephirencesMacTests */,
			);
		};
/* End PBXProject section */

/* Begin PBXResourcesBuildPhase section */
		07FC415C1BE66517005F195C /* Resources */ = {
			isa = PBXResourcesBuildPhase;
			buildActionMask = 2147483647;
			files = (
			);
			runOnlyForDeploymentPostprocessing = 0;
		};
		07FC41781BE670BF005F195C /* Resources */ = {
			isa = PBXResourcesBuildPhase;
			buildActionMask = 2147483647;
			files = (
			);
			runOnlyForDeploymentPostprocessing = 0;
		};
		C42114D91AE7D84900A09DD9 /* Resources */ = {
			isa = PBXResourcesBuildPhase;
			buildActionMask = 2147483647;
			files = (
			);
			runOnlyForDeploymentPostprocessing = 0;
		};
		C42114FC1AE7D8E200A09DD9 /* Resources */ = {
			isa = PBXResourcesBuildPhase;
			buildActionMask = 2147483647;
			files = (
			);
			runOnlyForDeploymentPostprocessing = 0;
		};
		C42DB80F20E26123004380CC /* Resources */ = {
			isa = PBXResourcesBuildPhase;
			buildActionMask = 2147483647;
			files = (
				C42DB81E20E262EE004380CC /* Test.plist in Resources */,
			);
			runOnlyForDeploymentPostprocessing = 0;
		};
		C4FF65091B6B7C7300BFE4F4 /* Resources */ = {
			isa = PBXResourcesBuildPhase;
			buildActionMask = 2147483647;
			files = (
				C4DA5C8020E27BD800E0C373 /* Entitlements.plist in Resources */,
				C4A3F3151BA44DC700F40DB6 /* Test.plist in Resources */,
			);
			runOnlyForDeploymentPostprocessing = 0;
		};
/* End PBXResourcesBuildPhase section */

/* Begin PBXShellScriptBuildPhase section */
		C41BBFAE1E52F929004C0345 /* swiftlint */ = {
			isa = PBXShellScriptBuildPhase;
			buildActionMask = 2147483647;
			files = (
			);
			inputPaths = (
			);
			name = swiftlint;
			outputPaths = (
			);
			runOnlyForDeploymentPostprocessing = 0;
			shellPath = /bin/sh;
			shellScript = "if which swiftlint >/dev/null; then\nswiftlint\nelse\necho \"SwiftLint does not exist, download from https://github.com/realm/SwiftLint\"\nfi";
		};
/* End PBXShellScriptBuildPhase section */

/* Begin PBXSourcesBuildPhase section */
		07FC41591BE66517005F195C /* Sources */ = {
			isa = PBXSourcesBuildPhase;
			buildActionMask = 2147483647;
			files = (
				07FC41661BE6656C005F195C /* PreferencesType.swift in Sources */,
				C4876C8B1F657EB20080839E /* NSCachePreferences.swift in Sources */,
				07FC41671BE6656C005F195C /* DictionaryPreferences.swift in Sources */,
				483C2FD222413E96007380E2 /* Prephirencable.swift in Sources */,
				07FC41681BE6656C005F195C /* PatternPreferences.swift in Sources */,
				07FC41691BE6656C005F195C /* Plist.swift in Sources */,
				C45D98211C3AC12D007C8ECC /* NSCoder+Prephirences.swift in Sources */,
				C4FA9B1F1C0F1730009CF439 /* Bundle.swift in Sources */,
				07FC416A1BE6656C005F195C /* UserDefaults+Prephirences.swift in Sources */,
				C4D15A1C1D3CE2780030E8CF /* RawRepresentable+Prephirences.swift in Sources */,
				07FC416B1BE6656C005F195C /* NSUbiquitousKeyValueStore+Prephirences.swift in Sources */,
				07FC416C1BE6656C005F195C /* KeychainPreferences.swift in Sources */,
				C477D9DA1C03237F00486C13 /* ReflectingPreferences.swift in Sources */,
				C404AE1B1D81B43100E5321E /* PreferenceTransformation.swift in Sources */,
				C4F94D181D48B2AD0045D4B6 /* UserDefaultsKeys.swift in Sources */,
				07FC416D1BE6656C005F195C /* Prephirences.swift in Sources */,
				07FC416E1BE6656C005F195C /* Preference.swift in Sources */,
				07FC416F1BE6656C005F195C /* UserDefaults+Adds.swift in Sources */,
				C43CA39F1D7434A800D318FF /* PreferenceOperators.swift in Sources */,
				C44CBDC71C21B6B000902E5C /* NSHTTPCookieStorage+Prephirences.swift in Sources */,
				C4FA9B1A1C0F155F009CF439 /* PropertyListKeys.swift in Sources */,
				07FC41741BE66A30005F195C /* PreferencesOperators.swift in Sources */,
				C413F2B51BEB7CF6002816BE /* PreferencesController.swift in Sources */,
				07FC41701BE6656C005F195C /* ManagedObjectPreferences.swift in Sources */,
			);
			runOnlyForDeploymentPostprocessing = 0;
		};
		07FC41751BE670BF005F195C /* Sources */ = {
			isa = PBXSourcesBuildPhase;
			buildActionMask = 2147483647;
			files = (
				C404AE171D81B2D200E5321E /* PreferencesType.swift in Sources */,
				C4876C8C1F657EB20080839E /* NSCachePreferences.swift in Sources */,
				C404AE1D1D81B4DF00E5321E /* Prephirences.swift in Sources */,
				483C2FD322413E96007380E2 /* Prephirencable.swift in Sources */,
				C416C7FA1D81B9210006DD89 /* DictionaryPreferences.swift in Sources */,
				C416C8071D81B9300006DD89 /* UserDefaults+Adds.swift in Sources */,
				C416C8021D81B9210006DD89 /* Bundle.swift in Sources */,
				C416C7FC1D81B9210006DD89 /* Plist.swift in Sources */,
				C416C8041D81B9290006DD89 /* PreferencesController.swift in Sources */,
				C416C7FF1D81B9210006DD89 /* NSHTTPCookieStorage+Prephirences.swift in Sources */,
				C416C8061D81B92B0006DD89 /* UserDefaultsKeys.swift in Sources */,
				C416C8091D81B9360006DD89 /* ManagedObjectPreferences.swift in Sources */,
				C416C80A1D81BAF80006DD89 /* PreferenceOperators.swift in Sources */,
				C416C8031D81B9210006DD89 /* NSCoder+Prephirences.swift in Sources */,
				C416C8051D81B92B0006DD89 /* PropertyListKeys.swift in Sources */,
				C416C7FB1D81B9210006DD89 /* PatternPreferences.swift in Sources */,
				C404AE1F1D81B5C300E5321E /* PreferencesOperators.swift in Sources */,
				C416C8011D81B9210006DD89 /* ReflectingPreferences.swift in Sources */,
				C416C7F01D81B7110006DD89 /* PreferenceTransformation.swift in Sources */,
				C416C7FE1D81B9210006DD89 /* NSUbiquitousKeyValueStore+Prephirences.swift in Sources */,
				C416C8081D81B9330006DD89 /* RawRepresentable+Prephirences.swift in Sources */,
				C416C7FD1D81B9210006DD89 /* UserDefaults+Prephirences.swift in Sources */,
				C416C7EF1D81B6370006DD89 /* Preference.swift in Sources */,
				C416C8001D81B9210006DD89 /* KeychainPreferences.swift in Sources */,
			);
			runOnlyForDeploymentPostprocessing = 0;
		};
		C42114D61AE7D84900A09DD9 /* Sources */ = {
			isa = PBXSourcesBuildPhase;
			buildActionMask = 2147483647;
			files = (
				C42114F61AE7D87400A09DD9 /* PatternPreferences.swift in Sources */,
				C4876C891F6578210080839E /* NSCachePreferences.swift in Sources */,
				C42114F51AE7D86F00A09DD9 /* DictionaryPreferences.swift in Sources */,
				C4EBB8441B15DE4D0075187B /* Plist.swift in Sources */,
				489EC52620B8376E00F54424 /* PrephirenceType+Codable.swift in Sources */,
				C42114F71AE7D87600A09DD9 /* UserDefaults+Prephirences.swift in Sources */,
				C45D981F1C3AC12D007C8ECC /* NSCoder+Prephirences.swift in Sources */,
				C4FA9B1D1C0F1730009CF439 /* Bundle.swift in Sources */,
				C4BF518A1B259C3900C4FF98 /* KeychainPreferences.swift in Sources */,
				C4D15A1A1D3CE2780030E8CF /* RawRepresentable+Prephirences.swift in Sources */,
				C4B838421B284C15009D5B74 /* Preference.swift in Sources */,
				C42114F41AE7D86D00A09DD9 /* PreferencesType.swift in Sources */,
				C477D9D81C03237F00486C13 /* ReflectingPreferences.swift in Sources */,
				C404AE191D81B43100E5321E /* PreferenceTransformation.swift in Sources */,
				C4F94D161D48B2AD0045D4B6 /* UserDefaultsKeys.swift in Sources */,
				C47F324D1AED144500195CDA /* ManagedObjectPreferences.swift in Sources */,
				C4B3ED2C1B17165C00D807DA /* Prephirences.swift in Sources */,
				C47F32511AED1E3B00195CDA /* UserDefaults+Adds.swift in Sources */,
				C43CA39D1D7434A800D318FF /* PreferenceOperators.swift in Sources */,
				C4FA9B181C0F155F009CF439 /* PropertyListKeys.swift in Sources */,
				C44CBDC31C21B32D00902E5C /* NSHTTPCookieStorage+Prephirences.swift in Sources */,
				07FC41721BE66A30005F195C /* PreferencesOperators.swift in Sources */,
				C413F2B71BEB7CF6002816BE /* PreferencesController.swift in Sources */,
				483C2FD022413D7C007380E2 /* Prephirencable.swift in Sources */,
				C46B4C171AEE432000B95F6B /* NSUbiquitousKeyValueStore+Prephirences.swift in Sources */,
			);
			runOnlyForDeploymentPostprocessing = 0;
		};
		C42114F91AE7D8E200A09DD9 /* Sources */ = {
			isa = PBXSourcesBuildPhase;
			buildActionMask = 2147483647;
			files = (
				C42115191AE7D91300A09DD9 /* PatternPreferences.swift in Sources */,
				C42115181AE7D91100A09DD9 /* DictionaryPreferences.swift in Sources */,
				C44CBDC41C21B32D00902E5C /* NSHTTPCookieStorage+Prephirences.swift in Sources */,
				C4F94D171D48B2AD0045D4B6 /* UserDefaultsKeys.swift in Sources */,
				C421151A1AE7D91600A09DD9 /* UserDefaults+Prephirences.swift in Sources */,
				C4EBB8451B15E1180075187B /* Plist.swift in Sources */,
				C4FA9B1E1C0F1730009CF439 /* Bundle.swift in Sources */,
				C4F2A6861B147CCD0092017D /* PreferencesTabViewController.swift in Sources */,
				C43CA39E1D7434A800D318FF /* PreferenceOperators.swift in Sources */,
				C4FA9B191C0F155F009CF439 /* PropertyListKeys.swift in Sources */,
				C42115171AE7D90E00A09DD9 /* PreferencesType.swift in Sources */,
				C477D9D91C03237F00486C13 /* ReflectingPreferences.swift in Sources */,
				07FC41731BE66A30005F195C /* PreferencesOperators.swift in Sources */,
				C4876C8A1F6578210080839E /* NSCachePreferences.swift in Sources */,
				C404AE1A1D81B43100E5321E /* PreferenceTransformation.swift in Sources */,
				C4D15A1B1D3CE2780030E8CF /* RawRepresentable+Prephirences.swift in Sources */,
				C47F324E1AED144500195CDA /* ManagedObjectPreferences.swift in Sources */,
				C4BF518B1B259C3900C4FF98 /* KeychainPreferences.swift in Sources */,
				C41E78EA1B1B48B9009CB458 /* Prephirences.swift in Sources */,
				C47F32521AED1E3B00195CDA /* UserDefaults+Adds.swift in Sources */,
				C4B838431B287E38009D5B74 /* Preference.swift in Sources */,
				C413F2B21BEB6753002816BE /* PreferencesController.swift in Sources */,
				C46B4C181AEE432000B95F6B /* NSUbiquitousKeyValueStore+Prephirences.swift in Sources */,
				483C2FD122413E95007380E2 /* Prephirencable.swift in Sources */,
				C45D98201C3AC12D007C8ECC /* NSCoder+Prephirences.swift in Sources */,
			);
			runOnlyForDeploymentPostprocessing = 0;
		};
		C42DB80D20E26123004380CC /* Sources */ = {
			isa = PBXSourcesBuildPhase;
			buildActionMask = 2147483647;
			files = (
				C42DB81C20E2613B004380CC /* PrephirencesTests.swift in Sources */,
				C42DB81D20E2613B004380CC /* KeychainTests.swift in Sources */,
			);
			runOnlyForDeploymentPostprocessing = 0;
		};
		C4FF65071B6B7C7300BFE4F4 /* Sources */ = {
			isa = PBXSourcesBuildPhase;
			buildActionMask = 2147483647;
			files = (
				C4FF650E1B6B7C7300BFE4F4 /* PrephirencesTests.swift in Sources */,
				C42DB80C20E2440D004380CC /* KeychainTests.swift in Sources */,
			);
			runOnlyForDeploymentPostprocessing = 0;
		};
/* End PBXSourcesBuildPhase section */

/* Begin PBXTargetDependency section */
		C42DB81820E26123004380CC /* PBXTargetDependency */ = {
			isa = PBXTargetDependency;
			target = C42114FD1AE7D8E200A09DD9 /* PrephirencesMac */;
			targetProxy = C42DB81720E26123004380CC /* PBXContainerItemProxy */;
		};
		C4FF65121B6B7C7300BFE4F4 /* PBXTargetDependency */ = {
			isa = PBXTargetDependency;
			target = C42114DA1AE7D84900A09DD9 /* PrephirencesiOS */;
			targetProxy = C4FF65111B6B7C7300BFE4F4 /* PBXContainerItemProxy */;
		};
/* End PBXTargetDependency section */

/* Begin XCBuildConfiguration section */
		07FC41631BE66517005F195C /* Debug */ = {
			isa = XCBuildConfiguration;
			buildSettings = {
				APPLICATION_EXTENSION_API_ONLY = YES;
				"CODE_SIGN_IDENTITY[sdk=watchos*]" = "";
				DEFINES_MODULE = YES;
				DYLIB_COMPATIBILITY_VERSION = 1;
				DYLIB_CURRENT_VERSION = 1;
				DYLIB_INSTALL_NAME_BASE = "@rpath";
				INFOPLIST_FILE = Xcodes/watchOS/Info.plist;
				INSTALL_PATH = "$(LOCAL_LIBRARY_DIR)/Frameworks";
				LD_RUNPATH_SEARCH_PATHS = "$(inherited) @executable_path/Frameworks @loader_path/Frameworks";
				PRODUCT_BUNDLE_IDENTIFIER = tv.phimage.PrephirencesWatchos;
				PRODUCT_NAME = Prephirences;
				SDKROOT = watchos;
				SKIP_INSTALL = YES;
				SWIFT_VERSION = 5.0;
				TARGETED_DEVICE_FAMILY = 4;
				WATCHOS_DEPLOYMENT_TARGET = 3.0;
			};
			name = Debug;
		};
		07FC41641BE66517005F195C /* Release */ = {
			isa = XCBuildConfiguration;
			buildSettings = {
				APPLICATION_EXTENSION_API_ONLY = YES;
				"CODE_SIGN_IDENTITY[sdk=watchos*]" = "";
				DEFINES_MODULE = YES;
				DYLIB_COMPATIBILITY_VERSION = 1;
				DYLIB_CURRENT_VERSION = 1;
				DYLIB_INSTALL_NAME_BASE = "@rpath";
				INFOPLIST_FILE = Xcodes/watchOS/Info.plist;
				INSTALL_PATH = "$(LOCAL_LIBRARY_DIR)/Frameworks";
				LD_RUNPATH_SEARCH_PATHS = "$(inherited) @executable_path/Frameworks @loader_path/Frameworks";
				PRODUCT_BUNDLE_IDENTIFIER = tv.phimage.PrephirencesWatchos;
				PRODUCT_NAME = Prephirences;
				SDKROOT = watchos;
				SKIP_INSTALL = YES;
				SWIFT_VERSION = 5.0;
				TARGETED_DEVICE_FAMILY = 4;
				VALIDATE_PRODUCT = YES;
				WATCHOS_DEPLOYMENT_TARGET = 3.0;
			};
			name = Release;
		};
		07FC41801BE670BF005F195C /* Debug */ = {
			isa = XCBuildConfiguration;
			buildSettings = {
				CLANG_ENABLE_MODULES = YES;
				"CODE_SIGN_IDENTITY[sdk=appletvos*]" = "";
				DEFINES_MODULE = YES;
				DYLIB_COMPATIBILITY_VERSION = 1;
				DYLIB_CURRENT_VERSION = 1;
				DYLIB_INSTALL_NAME_BASE = "@rpath";
				INFOPLIST_FILE = Xcodes/tvOS/Info.plist;
				INSTALL_PATH = "$(LOCAL_LIBRARY_DIR)/Frameworks";
				LD_RUNPATH_SEARCH_PATHS = "$(inherited) @executable_path/Frameworks @loader_path/Frameworks";
				PRODUCT_BUNDLE_IDENTIFIER = tv.phimage.Prephirences;
				PRODUCT_NAME = Prephirences;
				SDKROOT = appletvos;
				SKIP_INSTALL = YES;
				SWIFT_OPTIMIZATION_LEVEL = "-Onone";
				SWIFT_VERSION = 5.0;
				TARGETED_DEVICE_FAMILY = 3;
				TVOS_DEPLOYMENT_TARGET = 9.2;
			};
			name = Debug;
		};
		07FC41811BE670BF005F195C /* Release */ = {
			isa = XCBuildConfiguration;
			buildSettings = {
				CLANG_ENABLE_MODULES = YES;
				"CODE_SIGN_IDENTITY[sdk=appletvos*]" = "";
				DEFINES_MODULE = YES;
				DYLIB_COMPATIBILITY_VERSION = 1;
				DYLIB_CURRENT_VERSION = 1;
				DYLIB_INSTALL_NAME_BASE = "@rpath";
				INFOPLIST_FILE = Xcodes/tvOS/Info.plist;
				INSTALL_PATH = "$(LOCAL_LIBRARY_DIR)/Frameworks";
				LD_RUNPATH_SEARCH_PATHS = "$(inherited) @executable_path/Frameworks @loader_path/Frameworks";
				PRODUCT_BUNDLE_IDENTIFIER = tv.phimage.Prephirences;
				PRODUCT_NAME = Prephirences;
				SDKROOT = appletvos;
				SKIP_INSTALL = YES;
				SWIFT_VERSION = 5.0;
				TARGETED_DEVICE_FAMILY = 3;
				TVOS_DEPLOYMENT_TARGET = 9.2;
				VALIDATE_PRODUCT = YES;
			};
			name = Release;
		};
		C42114C41AE7D0CB00A09DD9 /* Debug */ = {
			isa = XCBuildConfiguration;
			buildSettings = {
				ALWAYS_SEARCH_USER_PATHS = NO;
				CLANG_ANALYZER_LOCALIZABILITY_NONLOCALIZED = YES;
				CLANG_CXX_LANGUAGE_STANDARD = "gnu++0x";
				CLANG_CXX_LIBRARY = "libc++";
				CLANG_ENABLE_MODULES = YES;
				CLANG_ENABLE_OBJC_ARC = YES;
				CLANG_WARN_BLOCK_CAPTURE_AUTORELEASING = YES;
				CLANG_WARN_BOOL_CONVERSION = YES;
				CLANG_WARN_COMMA = YES;
				CLANG_WARN_CONSTANT_CONVERSION = YES;
				CLANG_WARN_DEPRECATED_OBJC_IMPLEMENTATIONS = YES;
				CLANG_WARN_DIRECT_OBJC_ISA_USAGE = YES_ERROR;
				CLANG_WARN_EMPTY_BODY = YES;
				CLANG_WARN_ENUM_CONVERSION = YES;
				CLANG_WARN_INFINITE_RECURSION = YES;
				CLANG_WARN_INT_CONVERSION = YES;
				CLANG_WARN_NON_LITERAL_NULL_CONVERSION = YES;
				CLANG_WARN_OBJC_IMPLICIT_RETAIN_SELF = YES;
				CLANG_WARN_OBJC_LITERAL_CONVERSION = YES;
				CLANG_WARN_OBJC_ROOT_CLASS = YES_ERROR;
				CLANG_WARN_RANGE_LOOP_ANALYSIS = YES;
				CLANG_WARN_STRICT_PROTOTYPES = YES;
				CLANG_WARN_SUSPICIOUS_MOVE = YES;
				CLANG_WARN_UNREACHABLE_CODE = YES;
				CLANG_WARN__DUPLICATE_METHOD_MATCH = YES;
				COPY_PHASE_STRIP = NO;
				CURRENT_PROJECT_VERSION = 1;
				DEBUG_INFORMATION_FORMAT = dwarf;
				ENABLE_STRICT_OBJC_MSGSEND = YES;
				ENABLE_TESTABILITY = YES;
				GCC_C_LANGUAGE_STANDARD = gnu99;
				GCC_DYNAMIC_NO_PIC = NO;
				GCC_NO_COMMON_BLOCKS = YES;
				GCC_OPTIMIZATION_LEVEL = 0;
				GCC_PREPROCESSOR_DEFINITIONS = (
					"DEBUG=1",
					"$(inherited)",
				);
				GCC_SYMBOLS_PRIVATE_EXTERN = NO;
				GCC_WARN_64_TO_32_BIT_CONVERSION = YES;
				GCC_WARN_ABOUT_RETURN_TYPE = YES_ERROR;
				GCC_WARN_UNDECLARED_SELECTOR = YES;
				GCC_WARN_UNINITIALIZED_AUTOS = YES_AGGRESSIVE;
				GCC_WARN_UNUSED_FUNCTION = YES;
				GCC_WARN_UNUSED_VARIABLE = YES;
				MACOSX_DEPLOYMENT_TARGET = 10.9;
				MTL_ENABLE_DEBUG_INFO = YES;
				ONLY_ACTIVE_ARCH = YES;
				SDKROOT = macosx;
				SWIFT_OPTIMIZATION_LEVEL = "-Onone";
				SWIFT_VERSION = 5.0;
				VERSIONING_SYSTEM = "apple-generic";
				VERSION_INFO_PREFIX = "";
			};
			name = Debug;
		};
		C42114C51AE7D0CB00A09DD9 /* Release */ = {
			isa = XCBuildConfiguration;
			buildSettings = {
				ALWAYS_SEARCH_USER_PATHS = NO;
				CLANG_ANALYZER_LOCALIZABILITY_NONLOCALIZED = YES;
				CLANG_CXX_LANGUAGE_STANDARD = "gnu++0x";
				CLANG_CXX_LIBRARY = "libc++";
				CLANG_ENABLE_MODULES = YES;
				CLANG_ENABLE_OBJC_ARC = YES;
				CLANG_WARN_BLOCK_CAPTURE_AUTORELEASING = YES;
				CLANG_WARN_BOOL_CONVERSION = YES;
				CLANG_WARN_COMMA = YES;
				CLANG_WARN_CONSTANT_CONVERSION = YES;
				CLANG_WARN_DEPRECATED_OBJC_IMPLEMENTATIONS = YES;
				CLANG_WARN_DIRECT_OBJC_ISA_USAGE = YES_ERROR;
				CLANG_WARN_EMPTY_BODY = YES;
				CLANG_WARN_ENUM_CONVERSION = YES;
				CLANG_WARN_INFINITE_RECURSION = YES;
				CLANG_WARN_INT_CONVERSION = YES;
				CLANG_WARN_NON_LITERAL_NULL_CONVERSION = YES;
				CLANG_WARN_OBJC_IMPLICIT_RETAIN_SELF = YES;
				CLANG_WARN_OBJC_LITERAL_CONVERSION = YES;
				CLANG_WARN_OBJC_ROOT_CLASS = YES_ERROR;
				CLANG_WARN_RANGE_LOOP_ANALYSIS = YES;
				CLANG_WARN_STRICT_PROTOTYPES = YES;
				CLANG_WARN_SUSPICIOUS_MOVE = YES;
				CLANG_WARN_UNREACHABLE_CODE = YES;
				CLANG_WARN__DUPLICATE_METHOD_MATCH = YES;
				COPY_PHASE_STRIP = NO;
				CURRENT_PROJECT_VERSION = 1;
				DEBUG_INFORMATION_FORMAT = "dwarf-with-dsym";
				ENABLE_NS_ASSERTIONS = NO;
				ENABLE_STRICT_OBJC_MSGSEND = YES;
				GCC_C_LANGUAGE_STANDARD = gnu99;
				GCC_NO_COMMON_BLOCKS = YES;
				GCC_WARN_64_TO_32_BIT_CONVERSION = YES;
				GCC_WARN_ABOUT_RETURN_TYPE = YES_ERROR;
				GCC_WARN_UNDECLARED_SELECTOR = YES;
				GCC_WARN_UNINITIALIZED_AUTOS = YES_AGGRESSIVE;
				GCC_WARN_UNUSED_FUNCTION = YES;
				GCC_WARN_UNUSED_VARIABLE = YES;
				MACOSX_DEPLOYMENT_TARGET = 10.9;
				MTL_ENABLE_DEBUG_INFO = NO;
				SDKROOT = macosx;
				SWIFT_OPTIMIZATION_LEVEL = "-Owholemodule";
				SWIFT_VERSION = 5.0;
				VERSIONING_SYSTEM = "apple-generic";
				VERSION_INFO_PREFIX = "";
			};
			name = Release;
		};
		C42114EF1AE7D84A00A09DD9 /* Debug */ = {
			isa = XCBuildConfiguration;
			buildSettings = {
				CODE_SIGN_IDENTITY = "";
				"CODE_SIGN_IDENTITY[sdk=iphoneos*]" = "";
				DEBUG_INFORMATION_FORMAT = "dwarf-with-dsym";
				DEFINES_MODULE = YES;
				DYLIB_COMPATIBILITY_VERSION = 1;
				DYLIB_CURRENT_VERSION = 1;
				DYLIB_INSTALL_NAME_BASE = "@rpath";
				GCC_PREPROCESSOR_DEFINITIONS = (
					"DEBUG=1",
					"$(inherited)",
				);
				INFOPLIST_FILE = Xcodes/iOS/Info.plist;
				INSTALL_PATH = "$(LOCAL_LIBRARY_DIR)/Frameworks";
				IPHONEOS_DEPLOYMENT_TARGET = 9.3;
				LD_RUNPATH_SEARCH_PATHS = "$(inherited) @executable_path/Frameworks @loader_path/Frameworks";
				PRODUCT_BUNDLE_IDENTIFIER = tv.phimage.Prephirences;
				PRODUCT_NAME = Prephirences;
				SDKROOT = iphoneos;
				SKIP_INSTALL = YES;
				SWIFT_VERSION = 5.0;
				TARGETED_DEVICE_FAMILY = "1,2";
			};
			name = Debug;
		};
		C42114F01AE7D84A00A09DD9 /* Release */ = {
			isa = XCBuildConfiguration;
			buildSettings = {
				CODE_SIGN_IDENTITY = "";
				"CODE_SIGN_IDENTITY[sdk=iphoneos*]" = "";
				DEFINES_MODULE = YES;
				DYLIB_COMPATIBILITY_VERSION = 1;
				DYLIB_CURRENT_VERSION = 1;
				DYLIB_INSTALL_NAME_BASE = "@rpath";
				INFOPLIST_FILE = Xcodes/iOS/Info.plist;
				INSTALL_PATH = "$(LOCAL_LIBRARY_DIR)/Frameworks";
				IPHONEOS_DEPLOYMENT_TARGET = 9.3;
				LD_RUNPATH_SEARCH_PATHS = "$(inherited) @executable_path/Frameworks @loader_path/Frameworks";
				PRODUCT_BUNDLE_IDENTIFIER = tv.phimage.Prephirences;
				PRODUCT_NAME = Prephirences;
				SDKROOT = iphoneos;
				SKIP_INSTALL = YES;
				SWIFT_VERSION = 5.0;
				TARGETED_DEVICE_FAMILY = "1,2";
				VALIDATE_PRODUCT = YES;
			};
			name = Release;
		};
		C42115121AE7D8E200A09DD9 /* Debug */ = {
			isa = XCBuildConfiguration;
			buildSettings = {
				COMBINE_HIDPI_IMAGES = YES;
				DEFINES_MODULE = YES;
				DYLIB_COMPATIBILITY_VERSION = 1;
				DYLIB_CURRENT_VERSION = 1;
				DYLIB_INSTALL_NAME_BASE = "@rpath";
				FRAMEWORK_VERSION = A;
				GCC_PREPROCESSOR_DEFINITIONS = (
					"DEBUG=1",
					"$(inherited)",
				);
				INFOPLIST_FILE = Xcodes/Mac/Info.plist;
				INSTALL_PATH = "$(LOCAL_LIBRARY_DIR)/Frameworks";
				LD_RUNPATH_SEARCH_PATHS = "$(inherited) @executable_path/../Frameworks @loader_path/Frameworks";
				MACOSX_DEPLOYMENT_TARGET = 10.11;
				PRODUCT_BUNDLE_IDENTIFIER = tv.phimage.Prephirences;
				PRODUCT_NAME = Prephirences;
				SKIP_INSTALL = YES;
				SWIFT_VERSION = 5.0;
			};
			name = Debug;
		};
		C42115131AE7D8E200A09DD9 /* Release */ = {
			isa = XCBuildConfiguration;
			buildSettings = {
				COMBINE_HIDPI_IMAGES = YES;
				DEFINES_MODULE = YES;
				DYLIB_COMPATIBILITY_VERSION = 1;
				DYLIB_CURRENT_VERSION = 1;
				DYLIB_INSTALL_NAME_BASE = "@rpath";
				FRAMEWORK_VERSION = A;
				INFOPLIST_FILE = Xcodes/Mac/Info.plist;
				INSTALL_PATH = "$(LOCAL_LIBRARY_DIR)/Frameworks";
				LD_RUNPATH_SEARCH_PATHS = "$(inherited) @executable_path/../Frameworks @loader_path/Frameworks";
				MACOSX_DEPLOYMENT_TARGET = 10.11;
				PRODUCT_BUNDLE_IDENTIFIER = tv.phimage.Prephirences;
				PRODUCT_NAME = Prephirences;
				SKIP_INSTALL = YES;
				SWIFT_VERSION = 5.0;
			};
			name = Release;
		};
		C42DB81A20E26123004380CC /* Debug */ = {
			isa = XCBuildConfiguration;
			buildSettings = {
				CLANG_ANALYZER_NONNULL = YES;
				CLANG_ANALYZER_NUMBER_OBJECT_CONVERSION = YES_AGGRESSIVE;
				CLANG_CXX_LANGUAGE_STANDARD = "gnu++14";
				CLANG_ENABLE_OBJC_WEAK = YES;
				CLANG_WARN_DOCUMENTATION_COMMENTS = YES;
				CLANG_WARN_UNGUARDED_AVAILABILITY = YES_AGGRESSIVE;
				CODE_SIGN_IDENTITY = "-";
				CODE_SIGN_STYLE = Automatic;
				COMBINE_HIDPI_IMAGES = YES;
				GCC_C_LANGUAGE_STANDARD = gnu11;
				INFOPLIST_FILE = Tests/InfoMac.plist;
				LD_RUNPATH_SEARCH_PATHS = "$(inherited) @executable_path/../Frameworks @loader_path/../Frameworks";
				MACOSX_DEPLOYMENT_TARGET = 10.13;
				PRODUCT_BUNDLE_IDENTIFIER = org.phimage.PrephirencesMacTests;
				PRODUCT_NAME = "$(TARGET_NAME)";
				SWIFT_ACTIVE_COMPILATION_CONDITIONS = DEBUG;
				SWIFT_VERSION = 5.0;
			};
			name = Debug;
		};
		C42DB81B20E26123004380CC /* Release */ = {
			isa = XCBuildConfiguration;
			buildSettings = {
				CLANG_ANALYZER_NONNULL = YES;
				CLANG_ANALYZER_NUMBER_OBJECT_CONVERSION = YES_AGGRESSIVE;
				CLANG_CXX_LANGUAGE_STANDARD = "gnu++14";
				CLANG_ENABLE_OBJC_WEAK = YES;
				CLANG_WARN_DOCUMENTATION_COMMENTS = YES;
				CLANG_WARN_UNGUARDED_AVAILABILITY = YES_AGGRESSIVE;
				CODE_SIGN_IDENTITY = "-";
				CODE_SIGN_STYLE = Automatic;
				COMBINE_HIDPI_IMAGES = YES;
				GCC_C_LANGUAGE_STANDARD = gnu11;
				INFOPLIST_FILE = Tests/InfoMac.plist;
				LD_RUNPATH_SEARCH_PATHS = "$(inherited) @executable_path/../Frameworks @loader_path/../Frameworks";
				MACOSX_DEPLOYMENT_TARGET = 10.13;
				PRODUCT_BUNDLE_IDENTIFIER = org.phimage.PrephirencesMacTests;
				PRODUCT_NAME = "$(TARGET_NAME)";
				SWIFT_VERSION = 5.0;
			};
			name = Release;
		};
		C4FF65141B6B7C7300BFE4F4 /* Debug */ = {
			isa = XCBuildConfiguration;
			buildSettings = {
				ENABLE_TESTABILITY = YES;
				INFOPLIST_FILE = Tests/Info.plist;
				IPHONEOS_DEPLOYMENT_TARGET = 11.1;
				LD_RUNPATH_SEARCH_PATHS = "$(inherited) @executable_path/Frameworks @loader_path/Frameworks";
				PRODUCT_BUNDLE_IDENTIFIER = tv.phimage.PrephirencesiOSTests;
				PRODUCT_NAME = "$(TARGET_NAME)";
				SDKROOT = iphoneos;
				SWIFT_VERSION = 5.0;
			};
			name = Debug;
		};
		C4FF65151B6B7C7300BFE4F4 /* Release */ = {
			isa = XCBuildConfiguration;
			buildSettings = {
				INFOPLIST_FILE = Tests/Info.plist;
				IPHONEOS_DEPLOYMENT_TARGET = 11.1;
				LD_RUNPATH_SEARCH_PATHS = "$(inherited) @executable_path/Frameworks @loader_path/Frameworks";
				PRODUCT_BUNDLE_IDENTIFIER = tv.phimage.PrephirencesiOSTests;
				PRODUCT_NAME = "$(TARGET_NAME)";
				SDKROOT = iphoneos;
				SWIFT_VERSION = 5.0;
				VALIDATE_PRODUCT = YES;
			};
			name = Release;
		};
/* End XCBuildConfiguration section */

/* Begin XCConfigurationList section */
		07FC41651BE66517005F195C /* Build configuration list for PBXNativeTarget "PrephirencesWatchOS" */ = {
			isa = XCConfigurationList;
			buildConfigurations = (
				07FC41631BE66517005F195C /* Debug */,
				07FC41641BE66517005F195C /* Release */,
			);
			defaultConfigurationIsVisible = 0;
			defaultConfigurationName = Release;
		};
		07FC417F1BE670BF005F195C /* Build configuration list for PBXNativeTarget "PrephirencesTvOS" */ = {
			isa = XCConfigurationList;
			buildConfigurations = (
				07FC41801BE670BF005F195C /* Debug */,
				07FC41811BE670BF005F195C /* Release */,
			);
			defaultConfigurationIsVisible = 0;
			defaultConfigurationName = Release;
		};
		C42114AA1AE7D0CB00A09DD9 /* Build configuration list for PBXProject "Prephirences" */ = {
			isa = XCConfigurationList;
			buildConfigurations = (
				C42114C41AE7D0CB00A09DD9 /* Debug */,
				C42114C51AE7D0CB00A09DD9 /* Release */,
			);
			defaultConfigurationIsVisible = 0;
			defaultConfigurationName = Release;
		};
		C42114EE1AE7D84A00A09DD9 /* Build configuration list for PBXNativeTarget "PrephirencesiOS" */ = {
			isa = XCConfigurationList;
			buildConfigurations = (
				C42114EF1AE7D84A00A09DD9 /* Debug */,
				C42114F01AE7D84A00A09DD9 /* Release */,
			);
			defaultConfigurationIsVisible = 0;
			defaultConfigurationName = Release;
		};
		C42115111AE7D8E200A09DD9 /* Build configuration list for PBXNativeTarget "PrephirencesMac" */ = {
			isa = XCConfigurationList;
			buildConfigurations = (
				C42115121AE7D8E200A09DD9 /* Debug */,
				C42115131AE7D8E200A09DD9 /* Release */,
			);
			defaultConfigurationIsVisible = 0;
			defaultConfigurationName = Release;
		};
		C42DB81920E26123004380CC /* Build configuration list for PBXNativeTarget "PrephirencesMacTests" */ = {
			isa = XCConfigurationList;
			buildConfigurations = (
				C42DB81A20E26123004380CC /* Debug */,
				C42DB81B20E26123004380CC /* Release */,
			);
			defaultConfigurationIsVisible = 0;
			defaultConfigurationName = Release;
		};
		C4FF65131B6B7C7300BFE4F4 /* Build configuration list for PBXNativeTarget "PrephirencesiOSTests" */ = {
			isa = XCConfigurationList;
			buildConfigurations = (
				C4FF65141B6B7C7300BFE4F4 /* Debug */,
				C4FF65151B6B7C7300BFE4F4 /* Release */,
			);
			defaultConfigurationIsVisible = 0;
			defaultConfigurationName = Release;
		};
/* End XCConfigurationList section */
	};
	rootObject = C42114A71AE7D0CB00A09DD9 /* Project object */;
}
